
Microsoft Visual Studio Solution File, Format Version 9.00
# Visual Studio 2005
Project("{FAE04EC0-301F-11D3-BF4B-00C04F79EFBC}") = "IndexPDFFiles", "IndexPDFFiles.csproj", "{F1199084-E703-4C28-85E0-1AA2E1C8991B}"
EndProject
Global
	GlobalSection(SolutionConfigurationPlatforms) = preSolution
		Debug|Any CPU = Debug|Any CPU
		Release|Any CPU = Release|Any CPU
	EndGlobalSection
	GlobalSection(ProjectConfigurationPlatforms) = postSolution
		{F1199084-E703-4C28-85E0-1AA2E1C8991B}.Debug|Any CPU.ActiveCfg = Debug|Any CPU
		{F1199084-E703-4C28-85E0-1AA2E1C8991B}.Debug|Any CPU.Build.0 = Debug|Any CPU
		{F1199084-E703-4C28-85E0-1AA2E1C8991B}.Release|Any CPU.ActiveCfg = Release|Any CPU
		{F1199084-E703-4C28-85E0-1AA2E1C8991B}.Release|Any CPU.Build.0 = Release|Any CPU
	EndGlobalSection
	GlobalSection(SolutionProperties) = preSolution
		HideSolutionNode = FALSE
	EndGlobalSection
EndGlobal
