
Microsoft Visual Studio Solution File, Format Version 9.00
# Visual Studio 2005
Project("{E24C65DC-7377-472B-9ABA-BC803B73C61A}") = "d:\...\First Step (Visual CSharp)\", "First Step (Visual CSharp)\", "{FBC219F7-7465-4197-88F2-3B6CCEBF19F3}"
	ProjectSection(WebsiteProperties) = preProject
		Debug.AspNetCompiler.VirtualPath = "/First Step (Visual CSharp)"
		Debug.AspNetCompiler.PhysicalPath = "First Step (Visual CSharp)\"
		Debug.AspNetCompiler.TargetPath = "PrecompiledWeb\First Step (Visual CSharp)\"
		Debug.AspNetCompiler.Updateable = "true"
		Debug.AspNetCompiler.ForceOverwrite = "true"
		Debug.AspNetCompiler.FixedNames = "false"
		Debug.AspNetCompiler.Debug = "True"
		Release.AspNetCompiler.VirtualPath = "First Step (Visual CSharp)"
		Release.AspNetCompiler.PhysicalPath = "First Step (Visual CSharp)\"
		Release.AspNetCompiler.TargetPath = "PrecompiledWeb\First Step (Visual CSharp)\"
		Release.AspNetCompiler.Updateable = "true"
		Release.AspNetCompiler.ForceOverwrite = "true"
		Release.AspNetCompiler.FixedNames = "false"
		Release.AspNetCompiler.Debug = "False"
		VWDPort = "1168"
		DefaultWebSiteLanguage = "Visual C#"
	EndProjectSection
EndProject
Global
	GlobalSection(SolutionConfigurationPlatforms) = preSolution
		Debug|.NET = Debug|.NET
	EndGlobalSection
	GlobalSection(ProjectConfigurationPlatforms) = postSolution
		{FBC219F7-7465-4197-88F2-3B6CCEBF19F3}.Debug|.NET.ActiveCfg = Debug|.NET
		{FBC219F7-7465-4197-88F2-3B6CCEBF19F3}.Debug|.NET.Build.0 = Debug|.NET
	EndGlobalSection
	GlobalSection(SolutionProperties) = preSolution
		HideSolutionNode = FALSE
	EndGlobalSection
EndGlobal
