
Microsoft Visual Studio Solution File, Format Version 11.00
# Visual Studio 2010
# SharpDevelop 3.1.0.4977
Project("{FAE04EC0-301F-11D3-BF4B-00C04F79EFBC}") = "CopyPasteRows","CopyPasteRows.VS2010.csproj", "{77756EA6-9A7C-4980-A22A-1653654D2C3A}"
EndProject
Global
	GlobalSection(SolutionConfigurationPlatforms) = preSolution
		Debug|Any CPU = Debug|Any CPU
		Release|Any CPU = Release|Any CPU
	EndGlobalSection
	GlobalSection(ProjectConfigurationPlatforms) = postSolution
		{77756EA6-9A7C-4980-A22A-1653654D2C3A}.Debug|Any CPU.ActiveCfg = Debug|Any CPU
		{77756EA6-9A7C-4980-A22A-1653654D2C3A}.Debug|Any CPU.Build.0 = Debug|Any CPU
		{77756EA6-9A7C-4980-A22A-1653654D2C3A}.Release|Any CPU.ActiveCfg = Release|Any CPU
		{77756EA6-9A7C-4980-A22A-1653654D2C3A}.Release|Any CPU.Build.0 = Release|Any CPU
	EndGlobalSection
	GlobalSection(SolutionProperties) = preSolution
		HideSolutionNode = FALSE
	EndGlobalSection
EndGlobal
