
Microsoft Visual Studio Solution File, Format Version 9.00
# Visual Studio 2005
Project("{F184B08F-C81C-45F6-A57F-5ABD9991F28F}") = "SwfToPng","SwfToPng.VS2005.vbproj", "{60CA5818-8E4D-4DF7-AF8D-A212E87DD79D}"
EndProject
Global
	GlobalSection(SolutionConfigurationPlatforms) = preSolution
		Debug|x86 = Debug|x86
		Release|x86 = Release|x86
	EndGlobalSection
	GlobalSection(ProjectConfigurationPlatforms) = postSolution
		{60CA5818-8E4D-4DF7-AF8D-A212E87DD79D}.Debug|x86.ActiveCfg = Debug|x86
		{60CA5818-8E4D-4DF7-AF8D-A212E87DD79D}.Debug|x86.Build.0 = Debug|x86
		{60CA5818-8E4D-4DF7-AF8D-A212E87DD79D}.Release|x86.ActiveCfg = Release|x86
		{60CA5818-8E4D-4DF7-AF8D-A212E87DD79D}.Release|x86.Build.0 = Release|x86
	EndGlobalSection
	GlobalSection(SolutionProperties) = preSolution
		HideSolutionNode = FALSE
	EndGlobalSection
EndGlobal
obal
