
Microsoft Visual Studio Solution File, Format Version 12.00
# Visual Studio 2013
VisualStudioVersion = 12.0.40629.0
MinimumVisualStudioVersion = 10.0.40219.1
Project("{FAE04EC0-301F-11D3-BF4B-00C04F79EFBC}") = "Freeze rows and columns", "Freeze rows and columns.csproj", "{BE202D8A-CE8E-4EC7-9021-9F52D72EF4DE}"
EndProject
Global
	GlobalSection(SolutionConfigurationPlatforms) = preSolution
		Debug|Any CPU = Debug|Any CPU
		Release|Any CPU = Release|Any CPU
	EndGlobalSection
	GlobalSection(ProjectConfigurationPlatforms) = postSolution
		{BE202D8A-CE8E-4EC7-9021-9F52D72EF4DE}.Debug|Any CPU.ActiveCfg = Debug|Any CPU
		{BE202D8A-CE8E-4EC7-9021-9F52D72EF4DE}.Debug|Any CPU.Build.0 = Debug|Any CPU
		{BE202D8A-CE8E-4EC7-9021-9F52D72EF4DE}.Release|Any CPU.ActiveCfg = Release|Any CPU
		{BE202D8A-CE8E-4EC7-9021-9F52D72EF4DE}.Release|Any CPU.Build.0 = Release|Any CPU
	EndGlobalSection
	GlobalSection(SolutionProperties) = preSolution
		HideSolutionNode = FALSE
	EndGlobalSection
EndGlobal
