
Microsoft Visual Studio Solution File, Format Version 10.00
# Visual Studio 2008
# SharpDevelop 3.1.0.4977
Project("{FAE04EC0-301F-11D3-BF4B-00C04F79EFBC}") = "AddBackgroundImage","AddBackgroundImage.VS2008.csproj", "{8FD65C30-B5D2-45DB-9D77-4779502363AD}"
EndProject
Global
	GlobalSection(SolutionConfigurationPlatforms) = preSolution
		Debug|Any CPU = Debug|Any CPU
		Release|Any CPU = Release|Any CPU
	EndGlobalSection
	GlobalSection(ProjectConfigurationPlatforms) = postSolution
		{8FD65C30-B5D2-45DB-9D77-4779502363AD}.Debug|Any CPU.ActiveCfg = Debug|Any CPU
		{8FD65C30-B5D2-45DB-9D77-4779502363AD}.Debug|Any CPU.Build.0 = Debug|Any CPU
		{8FD65C30-B5D2-45DB-9D77-4779502363AD}.Release|Any CPU.ActiveCfg = Release|Any CPU
		{8FD65C30-B5D2-45DB-9D77-4779502363AD}.Release|Any CPU.Build.0 = Release|Any CPU
	EndGlobalSection
	GlobalSection(SolutionProperties) = preSolution
		HideSolutionNode = FALSE
	EndGlobalSection
EndGlobal
