
Microsoft Visual Studio Solution File, Format Version 10.00
# Visual Studio 2008
Project("{FAE04EC0-301F-11D3-BF4B-00C04F79EFBC}") = "AddChecksumToCaption","AddChecksumToCaption\AddChecksumToCaption.VS2008.csproj", "{11098438-2B26-4056-B364-696E243F4E96}"
EndProject
Global
	GlobalSection(SolutionConfigurationPlatforms) = preSolution
		Debug|Any CPU = Debug|Any CPU
		Release|Any CPU = Release|Any CPU
	EndGlobalSection
	GlobalSection(ProjectConfigurationPlatforms) = postSolution
		{11098438-2B26-4056-B364-696E243F4E96}.Debug|Any CPU.ActiveCfg = Debug|Any CPU
		{11098438-2B26-4056-B364-696E243F4E96}.Debug|Any CPU.Build.0 = Debug|Any CPU
		{11098438-2B26-4056-B364-696E243F4E96}.Release|Any CPU.ActiveCfg = Release|Any CPU
		{11098438-2B26-4056-B364-696E243F4E96}.Release|Any CPU.Build.0 = Release|Any CPU
	EndGlobalSection
	GlobalSection(SolutionProperties) = preSolution
		HideSolutionNode = FALSE
	EndGlobalSection
EndGlobal
