
Microsoft Visual Studio Solution File, Format Version 11.00
# Visual Studio 2010
Project("{FAE04EC0-301F-11D3-BF4B-00C04F79EFBC}") = "WindowsService1", "WindowsService1\WindowsService1.vbproj", "{881CF3F4-4893-4B56-9EDF-1874A3387C77}"
EndProject
Project("{FAE04EC0-301F-11D3-BF4B-00C04F79EFBC}") = "ServiceController", "ServiceController\ServiceController.vbproj", "{05906433-726B-4F50-A415-742D350390F5}"
EndProject
Global
	GlobalSection(SolutionConfigurationPlatforms) = preSolution
		Debug|Any CPU = Debug|Any CPU
		Release|Any CPU = Release|Any CPU
	EndGlobalSection
	GlobalSection(ProjectConfigurationPlatforms) = postSolution
		{881CF3F4-4893-4B56-9EDF-1874A3387C77}.Debug|Any CPU.ActiveCfg = Debug|Any CPU
		{881CF3F4-4893-4B56-9EDF-1874A3387C77}.Debug|Any CPU.Build.0 = Debug|Any CPU
		{881CF3F4-4893-4B56-9EDF-1874A3387C77}.Release|Any CPU.ActiveCfg = Release|Any CPU
		{881CF3F4-4893-4B56-9EDF-1874A3387C77}.Release|Any CPU.Build.0 = Release|Any CPU
		{05906433-726B-4F50-A415-742D350390F5}.Debug|Any CPU.ActiveCfg = Debug|Any CPU
		{05906433-726B-4F50-A415-742D350390F5}.Debug|Any CPU.Build.0 = Debug|Any CPU
		{05906433-726B-4F50-A415-742D350390F5}.Release|Any CPU.ActiveCfg = Release|Any CPU
		{05906433-726B-4F50-A415-742D350390F5}.Release|Any CPU.Build.0 = Release|Any CPU
	EndGlobalSection
	GlobalSection(SolutionProperties) = preSolution
		HideSolutionNode = FALSE
	EndGlobalSection
EndGlobal
