
Microsoft Visual Studio Solution File, Format Version 12.00
# Visual Studio 15
VisualStudioVersion = 15.0.27703.2026
MinimumVisualStudioVersion = 10.0.40219.1
Project("{F184B08F-C81C-45F6-A57F-5ABD9991F28F}") = "ReadPDFWithImageHindiText", "ReadPDFWithImageHindiText.vbproj", "{846F275E-BE99-4254-85ED-B8CBBB4546A9}"
EndProject
Global
	GlobalSection(SolutionConfigurationPlatforms) = preSolution
		Debug|Any CPU = Debug|Any CPU
		Release|Any CPU = Release|Any CPU
	EndGlobalSection
	GlobalSection(ProjectConfigurationPlatforms) = postSolution
		{846F275E-BE99-4254-85ED-B8CBBB4546A9}.Debug|Any CPU.ActiveCfg = Debug|Any CPU
		{846F275E-BE99-4254-85ED-B8CBBB4546A9}.Debug|Any CPU.Build.0 = Debug|Any CPU
		{846F275E-BE99-4254-85ED-B8CBBB4546A9}.Release|Any CPU.ActiveCfg = Release|Any CPU
		{846F275E-BE99-4254-85ED-B8CBBB4546A9}.Release|Any CPU.Build.0 = Release|Any CPU
	EndGlobalSection
	GlobalSection(SolutionProperties) = preSolution
		HideSolutionNode = FALSE
	EndGlobalSection
	GlobalSection(ExtensibilityGlobals) = postSolution
		SolutionGuid = {1F0B11D3-6F1D-4CCE-91F9-5566ABC60672}
	EndGlobalSection
EndGlobal
