
Microsoft Visual Studio Solution File, Format Version 9.00
# Visual Studio 2005
Project("{FAE04EC0-301F-11D3-BF4B-00C04F79EFBC}") = "DateRange","DateRange\DateRange.VS2005.csproj", "{D13126CE-1E9E-48C6-986D-2FCAD5C711E2}"
EndProject
Global
	GlobalSection(SolutionConfigurationPlatforms) = preSolution
		Debug|Any CPU = Debug|Any CPU
		Release|Any CPU = Release|Any CPU
	EndGlobalSection
	GlobalSection(ProjectConfigurationPlatforms) = postSolution
		{D13126CE-1E9E-48C6-986D-2FCAD5C711E2}.Debug|Any CPU.ActiveCfg = Debug|Any CPU
		{D13126CE-1E9E-48C6-986D-2FCAD5C711E2}.Debug|Any CPU.Build.0 = Debug|Any CPU
		{D13126CE-1E9E-48C6-986D-2FCAD5C711E2}.Release|Any CPU.ActiveCfg = Release|Any CPU
		{D13126CE-1E9E-48C6-986D-2FCAD5C711E2}.Release|Any CPU.Build.0 = Release|Any CPU
	EndGlobalSection
	GlobalSection(SolutionProperties) = preSolution
		HideSolutionNode = FALSE
	EndGlobalSection
EndGlobal
