
Microsoft Visual Studio Solution File, Format Version 11.00
# Visual Studio 2010
Project("{FAE04EC0-301F-11D3-BF4B-00C04F79EFBC}") = "GetFormatType","GetFormatType\GetFormatType.VS2010.csproj", "{C47417C4-1829-4A99-941C-945E35D1C1E7}"
EndProject
Global
	GlobalSection(SolutionConfigurationPlatforms) = preSolution
		Debug|Any CPU = Debug|Any CPU
		Release|Any CPU = Release|Any CPU
	EndGlobalSection
	GlobalSection(ProjectConfigurationPlatforms) = postSolution
		{C47417C4-1829-4A99-941C-945E35D1C1E7}.Debug|Any CPU.ActiveCfg = Debug|Any CPU
		{C47417C4-1829-4A99-941C-945E35D1C1E7}.Debug|Any CPU.Build.0 = Debug|Any CPU
		{C47417C4-1829-4A99-941C-945E35D1C1E7}.Release|Any CPU.ActiveCfg = Release|Any CPU
		{C47417C4-1829-4A99-941C-945E35D1C1E7}.Release|Any CPU.Build.0 = Release|Any CPU
	EndGlobalSection
	GlobalSection(SolutionProperties) = preSolution
		HideSolutionNode = FALSE
	EndGlobalSection
EndGlobal
