
Microsoft Visual Studio Solution File, Format Version 12.00
# Visual Studio 15
VisualStudioVersion = 15.0.27703.2026
MinimumVisualStudioVersion = 10.0.40219.1
Project("{FAE04EC0-301F-11D3-BF4B-00C04F79EFBC}") = "BarcodeReaderFromDoc", "BarcodeReaderFromDoc.csproj", "{C86AB214-9B74-4BFA-855C-78C05B02FAE9}"
EndProject
Global
	GlobalSection(SolutionConfigurationPlatforms) = preSolution
		Debug|Any CPU = Debug|Any CPU
		Release|Any CPU = Release|Any CPU
	EndGlobalSection
	GlobalSection(ProjectConfigurationPlatforms) = postSolution
		{C86AB214-9B74-4BFA-855C-78C05B02FAE9}.Debug|Any CPU.ActiveCfg = Debug|Any CPU
		{C86AB214-9B74-4BFA-855C-78C05B02FAE9}.Debug|Any CPU.Build.0 = Debug|Any CPU
		{C86AB214-9B74-4BFA-855C-78C05B02FAE9}.Release|Any CPU.ActiveCfg = Release|Any CPU
		{C86AB214-9B74-4BFA-855C-78C05B02FAE9}.Release|Any CPU.Build.0 = Release|Any CPU
	EndGlobalSection
	GlobalSection(SolutionProperties) = preSolution
		HideSolutionNode = FALSE
	EndGlobalSection
	GlobalSection(ExtensibilityGlobals) = postSolution
		SolutionGuid = {2FC0C618-FDEE-49FB-8B9F-7C64EDF960C5}
	EndGlobalSection
EndGlobal
