
Microsoft Visual Studio Solution File, Format Version 12.00
# Visual Studio 15
VisualStudioVersion = 15.0.27428.2037
MinimumVisualStudioVersion = 10.0.40219.1
Project("{FAE04EC0-301F-11D3-BF4B-00C04F79EFBC}") = "SlicePdfByLinesExample", "SlicePdfByLinesExample.csproj", "{11A7C946-41EC-4FD5-8414-EAAA0FB9FC48}"
EndProject
Global
	GlobalSection(SolutionConfigurationPlatforms) = preSolution
		Debug|Any CPU = Debug|Any CPU
		Release|Any CPU = Release|Any CPU
	EndGlobalSection
	GlobalSection(ProjectConfigurationPlatforms) = postSolution
		{11A7C946-41EC-4FD5-8414-EAAA0FB9FC48}.Debug|Any CPU.ActiveCfg = Debug|Any CPU
		{11A7C946-41EC-4FD5-8414-EAAA0FB9FC48}.Debug|Any CPU.Build.0 = Debug|Any CPU
		{11A7C946-41EC-4FD5-8414-EAAA0FB9FC48}.Release|Any CPU.ActiveCfg = Release|Any CPU
		{11A7C946-41EC-4FD5-8414-EAAA0FB9FC48}.Release|Any CPU.Build.0 = Release|Any CPU
	EndGlobalSection
	GlobalSection(SolutionProperties) = preSolution
		HideSolutionNode = FALSE
	EndGlobalSection
	GlobalSection(ExtensibilityGlobals) = postSolution
		SolutionGuid = {59CACFB0-9FC2-47A5-8E3B-C6497F97B068}
	EndGlobalSection
EndGlobal
