
Microsoft Visual Studio Solution File, Format Version 11.00
# Visual Studio 2010
# SharpDevelop 3.1.0.4977
Project("{FAE04EC0-301F-11D3-BF4B-00C04F79EFBC}") = "SearchText","SearchText.VS2010.csproj", "{E85E1B90-594B-4D47-A282-E34F97C97136}"
EndProject
Global
	GlobalSection(SolutionConfigurationPlatforms) = preSolution
		Debug|Any CPU = Debug|Any CPU
		Release|Any CPU = Release|Any CPU
	EndGlobalSection
	GlobalSection(ProjectConfigurationPlatforms) = postSolution
		{E85E1B90-594B-4D47-A282-E34F97C97136}.Debug|Any CPU.ActiveCfg = Debug|Any CPU
		{E85E1B90-594B-4D47-A282-E34F97C97136}.Debug|Any CPU.Build.0 = Debug|Any CPU
		{E85E1B90-594B-4D47-A282-E34F97C97136}.Release|Any CPU.ActiveCfg = Release|Any CPU
		{E85E1B90-594B-4D47-A282-E34F97C97136}.Release|Any CPU.Build.0 = Release|Any CPU
	EndGlobalSection
	GlobalSection(SolutionProperties) = preSolution
		HideSolutionNode = FALSE
	EndGlobalSection
EndGlobal
