
Microsoft Visual Studio Solution File, Format Version 11.00
# Visual Studio 2010
Project("{FAE04EC0-301F-11D3-BF4B-00C04F79EFBC}") = "XLS2PDF","XLS2PDF\XLS2PDF.VS2010.csproj", "{B27730C9-DD3C-4F5B-9A6B-F01F5239954A}"
EndProject
Global
	GlobalSection(SolutionConfigurationPlatforms) = preSolution
		Debug|Any CPU = Debug|Any CPU
		Release|Any CPU = Release|Any CPU
	EndGlobalSection
	GlobalSection(ProjectConfigurationPlatforms) = postSolution
		{B27730C9-DD3C-4F5B-9A6B-F01F5239954A}.Debug|Any CPU.ActiveCfg = Debug|Any CPU
		{B27730C9-DD3C-4F5B-9A6B-F01F5239954A}.Debug|Any CPU.Build.0 = Debug|Any CPU
		{B27730C9-DD3C-4F5B-9A6B-F01F5239954A}.Release|Any CPU.ActiveCfg = Release|Any CPU
		{B27730C9-DD3C-4F5B-9A6B-F01F5239954A}.Release|Any CPU.Build.0 = Release|Any CPU
	EndGlobalSection
	GlobalSection(SolutionProperties) = preSolution
		HideSolutionNode = FALSE
	EndGlobalSection
EndGlobal
