
Microsoft Visual Studio Solution File, Format Version 10.00
# Visual Studio 2008
Project("{FAE04EC0-301F-11D3-BF4B-00C04F79EFBC}") = "CSharp","CSharp\CSharp.VS2008.csproj", "{F884B63A-124C-453C-8853-0B662F605020}"
EndProject
Global
	GlobalSection(SolutionConfigurationPlatforms) = preSolution
		Debug|Any CPU = Debug|Any CPU
		Release|Any CPU = Release|Any CPU
	EndGlobalSection
	GlobalSection(ProjectConfigurationPlatforms) = postSolution
		{F884B63A-124C-453C-8853-0B662F605020}.Debug|Any CPU.ActiveCfg = Debug|Any CPU
		{F884B63A-124C-453C-8853-0B662F605020}.Debug|Any CPU.Build.0 = Debug|Any CPU
		{F884B63A-124C-453C-8853-0B662F605020}.Release|Any CPU.ActiveCfg = Release|Any CPU
		{F884B63A-124C-453C-8853-0B662F605020}.Release|Any CPU.Build.0 = Release|Any CPU
	EndGlobalSection
	GlobalSection(SolutionProperties) = preSolution
		HideSolutionNode = FALSE
	EndGlobalSection
EndGlobal
