
Microsoft Visual Studio Solution File, Format Version 11.00
# Visual Studio 2010
Project("{F184B08F-C81C-45F6-A57F-5ABD9991F28F}") = "MergeCells (VB.NET)","MergeCells (VB.NET)\MergeCells (VB.NET).VS2010.vbproj", "{20E75EA8-1D70-4E2B-9FEC-1EAF3E1CA3D5}"
EndProject
Global
	GlobalSection(SolutionConfigurationPlatforms) = preSolution
		Debug|Any CPU = Debug|Any CPU
		Release|Any CPU = Release|Any CPU
	EndGlobalSection
	GlobalSection(ProjectConfigurationPlatforms) = postSolution
		{20E75EA8-1D70-4E2B-9FEC-1EAF3E1CA3D5}.Debug|Any CPU.ActiveCfg = Debug|Any CPU
		{20E75EA8-1D70-4E2B-9FEC-1EAF3E1CA3D5}.Debug|Any CPU.Build.0 = Debug|Any CPU
		{20E75EA8-1D70-4E2B-9FEC-1EAF3E1CA3D5}.Release|Any CPU.ActiveCfg = Release|Any CPU
		{20E75EA8-1D70-4E2B-9FEC-1EAF3E1CA3D5}.Release|Any CPU.Build.0 = Release|Any CPU
	EndGlobalSection
	GlobalSection(SolutionProperties) = preSolution
		HideSolutionNode = FALSE
	EndGlobalSection
EndGlobal
obal
