
Microsoft Visual Studio Solution File, Format Version 9.00
# Visual Studio 2005
Project("{FAE04EC0-301F-11D3-BF4B-00C04F79EFBC}") = "BasicExample","BasicExample.VS2005.csproj", "{8212F3BF-B5E3-4FB8-9776-AFC7D18C1EB2}"
	ProjectSection(WebsiteProperties) = preProject
		Debug.AspNetCompiler.Debug = "True"
		Release.AspNetCompiler.Debug = "False"
	EndProjectSection
EndProject
Global
	GlobalSection(SolutionConfigurationPlatforms) = preSolution
		Debug|Any CPU = Debug|Any CPU
		Release|Any CPU = Release|Any CPU
	EndGlobalSection
	GlobalSection(ProjectConfigurationPlatforms) = postSolution
		{8212F3BF-B5E3-4FB8-9776-AFC7D18C1EB2}.Debug|Any CPU.ActiveCfg = Debug|Any CPU
		{8212F3BF-B5E3-4FB8-9776-AFC7D18C1EB2}.Debug|Any CPU.Build.0 = Debug|Any CPU
		{8212F3BF-B5E3-4FB8-9776-AFC7D18C1EB2}.Release|Any CPU.ActiveCfg = Release|Any CPU
		{8212F3BF-B5E3-4FB8-9776-AFC7D18C1EB2}.Release|Any CPU.Build.0 = Release|Any CPU
	EndGlobalSection
	GlobalSection(SolutionProperties) = preSolution
		HideSolutionNode = FALSE
	EndGlobalSection
EndGlobal
