
Microsoft Visual Studio Solution File, Format Version 11.00
# Visual Studio 2010
Project("{FAE04EC0-301F-11D3-BF4B-00C04F79EFBC}") = "Book properties read","Book properties read\Book properties read.VS2010.csproj", "{5C563EB7-EB9F-4F71-9D35-B65CA8148E01}"
EndProject
Global
	GlobalSection(SolutionConfigurationPlatforms) = preSolution
		Debug|Any CPU = Debug|Any CPU
		Release|Any CPU = Release|Any CPU
	EndGlobalSection
	GlobalSection(ProjectConfigurationPlatforms) = postSolution
		{5C563EB7-EB9F-4F71-9D35-B65CA8148E01}.Debug|Any CPU.ActiveCfg = Debug|Any CPU
		{5C563EB7-EB9F-4F71-9D35-B65CA8148E01}.Debug|Any CPU.Build.0 = Debug|Any CPU
		{5C563EB7-EB9F-4F71-9D35-B65CA8148E01}.Release|Any CPU.ActiveCfg = Release|Any CPU
		{5C563EB7-EB9F-4F71-9D35-B65CA8148E01}.Release|Any CPU.Build.0 = Release|Any CPU
	EndGlobalSection
	GlobalSection(SolutionProperties) = preSolution
		HideSolutionNode = FALSE
	EndGlobalSection
EndGlobal
