
Microsoft Visual Studio Solution File, Format Version 12.00
# Visual Studio 15
VisualStudioVersion = 15.0.28010.2050
MinimumVisualStudioVersion = 10.0.40219.1
Project("{9A19103F-16F7-4668-BE54-9A1E7A4F7556}") = "OCRExample", "OCRExample.csproj", "{D020E35A-116F-4700-A12E-8A3AF7ACB214}"
EndProject
Global
	GlobalSection(SolutionConfigurationPlatforms) = preSolution
		Debug|Any CPU = Debug|Any CPU
		Release|Any CPU = Release|Any CPU
	EndGlobalSection
	GlobalSection(ProjectConfigurationPlatforms) = postSolution
		{D020E35A-116F-4700-A12E-8A3AF7ACB214}.Debug|Any CPU.ActiveCfg = Debug|Any CPU
		{D020E35A-116F-4700-A12E-8A3AF7ACB214}.Debug|Any CPU.Build.0 = Debug|Any CPU
		{D020E35A-116F-4700-A12E-8A3AF7ACB214}.Release|Any CPU.ActiveCfg = Release|Any CPU
		{D020E35A-116F-4700-A12E-8A3AF7ACB214}.Release|Any CPU.Build.0 = Release|Any CPU
	EndGlobalSection
	GlobalSection(SolutionProperties) = preSolution
		HideSolutionNode = FALSE
	EndGlobalSection
	GlobalSection(ExtensibilityGlobals) = postSolution
		SolutionGuid = {D1441EDD-97CD-4FA1-A534-20D8321D2F11}
	EndGlobalSection
EndGlobal
