
Microsoft Visual Studio Solution File, Format Version 9.00
# Visual Studio 2005
Project("{F184B08F-C81C-45F6-A57F-5ABD9991F28F}") = "NarrowBarWidth","NarrowBarWidth\NarrowBarWidth.VS2005.vbproj", "{618B61D0-0668-4210-B6F3-E561C09B84E1}"
EndProject
Global
	GlobalSection(SolutionConfigurationPlatforms) = preSolution
		Debug|Any CPU = Debug|Any CPU
		Release|Any CPU = Release|Any CPU
	EndGlobalSection
	GlobalSection(ProjectConfigurationPlatforms) = postSolution
		{618B61D0-0668-4210-B6F3-E561C09B84E1}.Debug|Any CPU.ActiveCfg = Debug|Any CPU
		{618B61D0-0668-4210-B6F3-E561C09B84E1}.Debug|Any CPU.Build.0 = Debug|Any CPU
		{618B61D0-0668-4210-B6F3-E561C09B84E1}.Release|Any CPU.ActiveCfg = Release|Any CPU
		{618B61D0-0668-4210-B6F3-E561C09B84E1}.Release|Any CPU.Build.0 = Release|Any CPU
	EndGlobalSection
	GlobalSection(SolutionProperties) = preSolution
		HideSolutionNode = FALSE
	EndGlobalSection
EndGlobal
l
