
Microsoft Visual Studio Solution File, Format Version 11.00
# Visual Studio 2010
Project("{FAE04EC0-301F-11D3-BF4B-00C04F79EFBC}") = "CellShrinkToFit","CellShrinkToFit\CellShrinkToFit.VS2010.csproj", "{516A5E1C-DC03-44FB-93DA-F5683081B261}"
EndProject
Global
	GlobalSection(SolutionConfigurationPlatforms) = preSolution
		Debug|Any CPU = Debug|Any CPU
		Release|Any CPU = Release|Any CPU
	EndGlobalSection
	GlobalSection(ProjectConfigurationPlatforms) = postSolution
		{516A5E1C-DC03-44FB-93DA-F5683081B261}.Debug|Any CPU.ActiveCfg = Debug|Any CPU
		{516A5E1C-DC03-44FB-93DA-F5683081B261}.Debug|Any CPU.Build.0 = Debug|Any CPU
		{516A5E1C-DC03-44FB-93DA-F5683081B261}.Release|Any CPU.ActiveCfg = Release|Any CPU
		{516A5E1C-DC03-44FB-93DA-F5683081B261}.Release|Any CPU.Build.0 = Release|Any CPU
	EndGlobalSection
	GlobalSection(SolutionProperties) = preSolution
		HideSolutionNode = FALSE
	EndGlobalSection
EndGlobal
