
Microsoft Visual Studio Solution File, Format Version 12.00
# Visual Studio 15
VisualStudioVersion = 15.0.28010.2003
MinimumVisualStudioVersion = 10.0.40219.1
Project("{F184B08F-C81C-45F6-A57F-5ABD9991F28F}") = "ReadForm", "ReadForm.vbproj", "{951C634C-4684-40A5-919C-741C5CA61EA4}"
EndProject
Global
	GlobalSection(SolutionConfigurationPlatforms) = preSolution
		Debug|Any CPU = Debug|Any CPU
		Release|Any CPU = Release|Any CPU
	EndGlobalSection
	GlobalSection(ProjectConfigurationPlatforms) = postSolution
		{951C634C-4684-40A5-919C-741C5CA61EA4}.Debug|Any CPU.ActiveCfg = Debug|Any CPU
		{951C634C-4684-40A5-919C-741C5CA61EA4}.Debug|Any CPU.Build.0 = Debug|Any CPU
		{951C634C-4684-40A5-919C-741C5CA61EA4}.Release|Any CPU.ActiveCfg = Release|Any CPU
		{951C634C-4684-40A5-919C-741C5CA61EA4}.Release|Any CPU.Build.0 = Release|Any CPU
	EndGlobalSection
	GlobalSection(SolutionProperties) = preSolution
		HideSolutionNode = FALSE
	EndGlobalSection
	GlobalSection(ExtensibilityGlobals) = postSolution
		SolutionGuid = {FD305C5A-563D-4A00-ABC4-AD68B49DD925}
	EndGlobalSection
EndGlobal
