
Microsoft Visual Studio Solution File, Format Version 10.00
# Visual Studio 2008
Project("{F184B08F-C81C-45F6-A57F-5ABD9991F28F}") = "Read Dates from cells (VB.NET)","Read Dates from cells (VB.NET)\Read Dates from cells (VB.NET).VS2008.vbproj", "{DC175931-4F9E-4B4A-93AF-126F042F59B7}"
EndProject
Global
	GlobalSection(SolutionConfigurationPlatforms) = preSolution
		Debug|Any CPU = Debug|Any CPU
		Release|Any CPU = Release|Any CPU
	EndGlobalSection
	GlobalSection(ProjectConfigurationPlatforms) = postSolution
		{DC175931-4F9E-4B4A-93AF-126F042F59B7}.Debug|Any CPU.ActiveCfg = Debug|Any CPU
		{DC175931-4F9E-4B4A-93AF-126F042F59B7}.Debug|Any CPU.Build.0 = Debug|Any CPU
		{DC175931-4F9E-4B4A-93AF-126F042F59B7}.Release|Any CPU.ActiveCfg = Release|Any CPU
		{DC175931-4F9E-4B4A-93AF-126F042F59B7}.Release|Any CPU.Build.0 = Release|Any CPU
	EndGlobalSection
	GlobalSection(SolutionProperties) = preSolution
		HideSolutionNode = FALSE
	EndGlobalSection
EndGlobal
obal
