
Microsoft Visual Studio Solution File, Format Version 10.00
# Visual Studio 2008
Project("{FAE04EC0-301F-11D3-BF4B-00C04F79EFBC}") = "Removing rows from existing XLS","Removing rows from existing XLS\Removing rows from existing XLS.VS2008.csproj", "{0AFA5622-D71B-4097-8ECA-C66F7F41E378}"
EndProject
Global
	GlobalSection(SolutionConfigurationPlatforms) = preSolution
		Debug|Any CPU = Debug|Any CPU
		Release|Any CPU = Release|Any CPU
	EndGlobalSection
	GlobalSection(ProjectConfigurationPlatforms) = postSolution
		{0AFA5622-D71B-4097-8ECA-C66F7F41E378}.Debug|Any CPU.ActiveCfg = Debug|Any CPU
		{0AFA5622-D71B-4097-8ECA-C66F7F41E378}.Debug|Any CPU.Build.0 = Debug|Any CPU
		{0AFA5622-D71B-4097-8ECA-C66F7F41E378}.Release|Any CPU.ActiveCfg = Release|Any CPU
		{0AFA5622-D71B-4097-8ECA-C66F7F41E378}.Release|Any CPU.Build.0 = Release|Any CPU
	EndGlobalSection
	GlobalSection(SolutionProperties) = preSolution
		HideSolutionNode = FALSE
	EndGlobalSection
EndGlobal
