
Microsoft Visual Studio Solution File, Format Version 11.00
# Visual Studio 2010
Project("{FAE04EC0-301F-11D3-BF4B-00C04F79EFBC}") = "BarcodeFromWebCam","BarcodeFromWebCam.VS2010.csproj", "{4573E6E3-51D9-493E-9B64-8AD7DDF98C5D}"
EndProject
Global
	GlobalSection(SolutionConfigurationPlatforms) = preSolution
		Debug|Any CPU = Debug|Any CPU
		Release|Any CPU = Release|Any CPU
	EndGlobalSection
	GlobalSection(ProjectConfigurationPlatforms) = postSolution
		{4573E6E3-51D9-493E-9B64-8AD7DDF98C5D}.Debug|Any CPU.ActiveCfg = Debug|Any CPU
		{4573E6E3-51D9-493E-9B64-8AD7DDF98C5D}.Debug|Any CPU.Build.0 = Debug|Any CPU
		{4573E6E3-51D9-493E-9B64-8AD7DDF98C5D}.Release|Any CPU.ActiveCfg = Release|Any CPU
		{4573E6E3-51D9-493E-9B64-8AD7DDF98C5D}.Release|Any CPU.Build.0 = Release|Any CPU
	EndGlobalSection
	GlobalSection(SolutionProperties) = preSolution
		HideSolutionNode = FALSE
	EndGlobalSection
EndGlobal
obal
obal
obal
