
Microsoft Visual Studio Solution File, Format Version 12.00
# Visual Studio 15
VisualStudioVersion = 15.0.27703.2018
MinimumVisualStudioVersion = 10.0.40219.1
Project("{F184B08F-C81C-45F6-A57F-5ABD9991F28F}") = "SearchAndHighlightExample", "SearchAndHighlightExample.vbproj", "{23DFDE65-1DB4-4348-84C2-0E5BFD4473C1}"
EndProject
Global
	GlobalSection(SolutionConfigurationPlatforms) = preSolution
		Debug|Any CPU = Debug|Any CPU
		Release|Any CPU = Release|Any CPU
	EndGlobalSection
	GlobalSection(ProjectConfigurationPlatforms) = postSolution
		{23DFDE65-1DB4-4348-84C2-0E5BFD4473C1}.Debug|Any CPU.ActiveCfg = Debug|Any CPU
		{23DFDE65-1DB4-4348-84C2-0E5BFD4473C1}.Debug|Any CPU.Build.0 = Debug|Any CPU
		{23DFDE65-1DB4-4348-84C2-0E5BFD4473C1}.Release|Any CPU.ActiveCfg = Release|Any CPU
		{23DFDE65-1DB4-4348-84C2-0E5BFD4473C1}.Release|Any CPU.Build.0 = Release|Any CPU
	EndGlobalSection
	GlobalSection(SolutionProperties) = preSolution
		HideSolutionNode = FALSE
	EndGlobalSection
	GlobalSection(ExtensibilityGlobals) = postSolution
		SolutionGuid = {D7B1CFBF-B914-4A51-9EC0-B8C10A2BEAB0}
	EndGlobalSection
EndGlobal
