
Microsoft Visual Studio Solution File, Format Version 11.00
# Visual Studio 2010
Project("{FAE04EC0-301F-11D3-BF4B-00C04F79EFBC}") = "BytescoutWebApiExample", "BytescoutWebApiExample.csproj", "{A89C6A9C-4272-4331-8F22-EAC37875DF74}"
EndProject
Global
	GlobalSection(SolutionConfigurationPlatforms) = preSolution
		Debug|x86 = Debug|x86
		Release|x86 = Release|x86
	EndGlobalSection
	GlobalSection(ProjectConfigurationPlatforms) = postSolution
		{A89C6A9C-4272-4331-8F22-EAC37875DF74}.Debug|x86.ActiveCfg = Debug|x86
		{A89C6A9C-4272-4331-8F22-EAC37875DF74}.Debug|x86.Build.0 = Debug|x86
		{A89C6A9C-4272-4331-8F22-EAC37875DF74}.Release|x86.ActiveCfg = Release|x86
		{A89C6A9C-4272-4331-8F22-EAC37875DF74}.Release|x86.Build.0 = Release|x86
	EndGlobalSection
	GlobalSection(SolutionProperties) = preSolution
		HideSolutionNode = FALSE
	EndGlobalSection
EndGlobal
