
Microsoft Visual Studio Solution File, Format Version 12.00
# Visual Studio 15
VisualStudioVersion = 15.0.28010.2050
MinimumVisualStudioVersion = 10.0.40219.1
Project("{9A19103F-16F7-4668-BE54-9A1E7A4F7556}") = "ParallelProcessing", "ParallelProcessing.csproj", "{35CAE243-9208-41F4-839F-A462CEF775FE}"
EndProject
Global
	GlobalSection(SolutionConfigurationPlatforms) = preSolution
		Debug|Any CPU = Debug|Any CPU
		Release|Any CPU = Release|Any CPU
	EndGlobalSection
	GlobalSection(ProjectConfigurationPlatforms) = postSolution
		{35CAE243-9208-41F4-839F-A462CEF775FE}.Debug|Any CPU.ActiveCfg = Debug|Any CPU
		{35CAE243-9208-41F4-839F-A462CEF775FE}.Debug|Any CPU.Build.0 = Debug|Any CPU
		{35CAE243-9208-41F4-839F-A462CEF775FE}.Release|Any CPU.ActiveCfg = Release|Any CPU
		{35CAE243-9208-41F4-839F-A462CEF775FE}.Release|Any CPU.Build.0 = Release|Any CPU
	EndGlobalSection
	GlobalSection(SolutionProperties) = preSolution
		HideSolutionNode = FALSE
	EndGlobalSection
	GlobalSection(ExtensibilityGlobals) = postSolution
		SolutionGuid = {8ECDFEA4-E55D-47B9-885C-CA2EFB6F88EE}
	EndGlobalSection
EndGlobal
