
Microsoft Visual Studio Solution File, Format Version 11.00
# Visual Studio 2010
Project("{F184B08F-C81C-45F6-A57F-5ABD9991F28F}") = "BarHeight","BarHeight\BarHeight.VS2010.vbproj", "{E844D880-5A8E-4325-9B91-0A282A2905BD}"
EndProject
Global
	GlobalSection(SolutionConfigurationPlatforms) = preSolution
		Debug|Any CPU = Debug|Any CPU
		Release|Any CPU = Release|Any CPU
	EndGlobalSection
	GlobalSection(ProjectConfigurationPlatforms) = postSolution
		{E844D880-5A8E-4325-9B91-0A282A2905BD}.Debug|Any CPU.ActiveCfg = Debug|Any CPU
		{E844D880-5A8E-4325-9B91-0A282A2905BD}.Debug|Any CPU.Build.0 = Debug|Any CPU
		{E844D880-5A8E-4325-9B91-0A282A2905BD}.Release|Any CPU.ActiveCfg = Release|Any CPU
		{E844D880-5A8E-4325-9B91-0A282A2905BD}.Release|Any CPU.Build.0 = Release|Any CPU
	EndGlobalSection
	GlobalSection(SolutionProperties) = preSolution
		HideSolutionNode = FALSE
	EndGlobalSection
EndGlobal
l
