
Microsoft Visual Studio Solution File, Format Version 9.00
# Visual Studio 2005
Project("{FAE04EC0-301F-11D3-BF4B-00C04F79EFBC}") = "Adding rows to existing XLS","Adding rows to existing XLS\Adding rows to existing XLS.VS2005.csproj", "{EFFDEDF2-26FB-44B6-9D1A-1FA248360C6D}"
EndProject
Global
	GlobalSection(SolutionConfigurationPlatforms) = preSolution
		Debug|Any CPU = Debug|Any CPU
		Release|Any CPU = Release|Any CPU
	EndGlobalSection
	GlobalSection(ProjectConfigurationPlatforms) = postSolution
		{EFFDEDF2-26FB-44B6-9D1A-1FA248360C6D}.Debug|Any CPU.ActiveCfg = Debug|Any CPU
		{EFFDEDF2-26FB-44B6-9D1A-1FA248360C6D}.Debug|Any CPU.Build.0 = Debug|Any CPU
		{EFFDEDF2-26FB-44B6-9D1A-1FA248360C6D}.Release|Any CPU.ActiveCfg = Release|Any CPU
		{EFFDEDF2-26FB-44B6-9D1A-1FA248360C6D}.Release|Any CPU.Build.0 = Release|Any CPU
	EndGlobalSection
	GlobalSection(SolutionProperties) = preSolution
		HideSolutionNode = FALSE
	EndGlobalSection
EndGlobal
