
Microsoft Visual Studio Solution File, Format Version 9.00
# Visual Studio 2005
Project("{FAE04EC0-301F-11D3-BF4B-00C04F79EFBC}") = "ReadXLS", "ReadXLS.csproj", "{ECBD1E17-BD48-4C5C-98F0-CCC8CEE39650}"
EndProject
Global
	GlobalSection(SolutionConfigurationPlatforms) = preSolution
		Debug|Any CPU = Debug|Any CPU
		Release|Any CPU = Release|Any CPU
	EndGlobalSection
	GlobalSection(ProjectConfigurationPlatforms) = postSolution
		{ECBD1E17-BD48-4C5C-98F0-CCC8CEE39650}.Debug|Any CPU.ActiveCfg = Debug|Any CPU
		{ECBD1E17-BD48-4C5C-98F0-CCC8CEE39650}.Debug|Any CPU.Build.0 = Debug|Any CPU
		{ECBD1E17-BD48-4C5C-98F0-CCC8CEE39650}.Debug|Any CPU.Deploy.0 = Debug|Any CPU
		{ECBD1E17-BD48-4C5C-98F0-CCC8CEE39650}.Release|Any CPU.ActiveCfg = Release|Any CPU
		{ECBD1E17-BD48-4C5C-98F0-CCC8CEE39650}.Release|Any CPU.Build.0 = Release|Any CPU
		{ECBD1E17-BD48-4C5C-98F0-CCC8CEE39650}.Release|Any CPU.Deploy.0 = Release|Any CPU
	EndGlobalSection
	GlobalSection(SolutionProperties) = preSolution
		HideSolutionNode = FALSE
	EndGlobalSection
EndGlobal
