
Microsoft Visual Studio Solution File, Format Version 11.00
# Visual Studio 2010
Project("{FAE04EC0-301F-11D3-BF4B-00C04F79EFBC}") = "IntRange","IntRange\IntRange.VS2010.csproj", "{10ABC1FA-5FD0-4787-B034-0E380D6EF3CF}"
EndProject
Global
	GlobalSection(SolutionConfigurationPlatforms) = preSolution
		Debug|Any CPU = Debug|Any CPU
		Release|Any CPU = Release|Any CPU
	EndGlobalSection
	GlobalSection(ProjectConfigurationPlatforms) = postSolution
		{10ABC1FA-5FD0-4787-B034-0E380D6EF3CF}.Debug|Any CPU.ActiveCfg = Debug|Any CPU
		{10ABC1FA-5FD0-4787-B034-0E380D6EF3CF}.Debug|Any CPU.Build.0 = Debug|Any CPU
		{10ABC1FA-5FD0-4787-B034-0E380D6EF3CF}.Release|Any CPU.ActiveCfg = Release|Any CPU
		{10ABC1FA-5FD0-4787-B034-0E380D6EF3CF}.Release|Any CPU.Build.0 = Release|Any CPU
	EndGlobalSection
	GlobalSection(SolutionProperties) = preSolution
		HideSolutionNode = FALSE
	EndGlobalSection
EndGlobal
