
Microsoft Visual Studio Solution File, Format Version 12.00
# Visual Studio 15
VisualStudioVersion = 15.0.27703.2026
MinimumVisualStudioVersion = 10.0.40219.1
Project("{FAE04EC0-301F-11D3-BF4B-00C04F79EFBC}") = "PDFSDKSamples", "PDFSDKSamples.csproj", "{762F5B5F-2A6B-46F8-9B22-6107C2514B41}"
EndProject
Global
	GlobalSection(SolutionConfigurationPlatforms) = preSolution
		Debug|Any CPU = Debug|Any CPU
		Release|Any CPU = Release|Any CPU
	EndGlobalSection
	GlobalSection(ProjectConfigurationPlatforms) = postSolution
		{762F5B5F-2A6B-46F8-9B22-6107C2514B41}.Debug|Any CPU.ActiveCfg = Debug|Any CPU
		{762F5B5F-2A6B-46F8-9B22-6107C2514B41}.Debug|Any CPU.Build.0 = Debug|Any CPU
		{762F5B5F-2A6B-46F8-9B22-6107C2514B41}.Release|Any CPU.ActiveCfg = Release|Any CPU
		{762F5B5F-2A6B-46F8-9B22-6107C2514B41}.Release|Any CPU.Build.0 = Release|Any CPU
	EndGlobalSection
	GlobalSection(SolutionProperties) = preSolution
		HideSolutionNode = FALSE
	EndGlobalSection
	GlobalSection(ExtensibilityGlobals) = postSolution
		SolutionGuid = {912E8124-8E79-49D2-BD0A-364AA7D726DA}
	EndGlobalSection
EndGlobal
