
Microsoft Visual Studio Solution File, Format Version 9.00
# Visual Studio 2005
Project("{FAE04EC0-301F-11D3-BF4B-00C04F79EFBC}") = "Adding columns into existing XLS","Adding columns into existing XLS\Adding columns into existing XLS.VS2005.csproj", "{95DF431C-08E9-4230-9A03-18767BA5D992}"
EndProject
Global
	GlobalSection(SolutionConfigurationPlatforms) = preSolution
		Debug|Any CPU = Debug|Any CPU
		Release|Any CPU = Release|Any CPU
	EndGlobalSection
	GlobalSection(ProjectConfigurationPlatforms) = postSolution
		{95DF431C-08E9-4230-9A03-18767BA5D992}.Debug|Any CPU.ActiveCfg = Debug|Any CPU
		{95DF431C-08E9-4230-9A03-18767BA5D992}.Debug|Any CPU.Build.0 = Debug|Any CPU
		{95DF431C-08E9-4230-9A03-18767BA5D992}.Release|Any CPU.ActiveCfg = Release|Any CPU
		{95DF431C-08E9-4230-9A03-18767BA5D992}.Release|Any CPU.Build.0 = Release|Any CPU
	EndGlobalSection
	GlobalSection(SolutionProperties) = preSolution
		HideSolutionNode = FALSE
	EndGlobalSection
EndGlobal
