
Microsoft Visual Studio Solution File, Format Version 12.00
# Visual Studio 14
VisualStudioVersion = 14.0.25420.1
MinimumVisualStudioVersion = 10.0.40219.1
Project("{F184B08F-C81C-45F6-A57F-5ABD9991F28F}") = "BarcodeInCrystalReports", "BarcodeInCrystalReports.vbproj", "{15B4BB8A-478B-4AC4-AE9F-DB6C4F76FB5A}"
EndProject
Global
	GlobalSection(SolutionConfigurationPlatforms) = preSolution
		Debug|Any CPU = Debug|Any CPU
		Debug|x86 = Debug|x86
		Release|Any CPU = Release|Any CPU
		Release|x86 = Release|x86
	EndGlobalSection
	GlobalSection(ProjectConfigurationPlatforms) = postSolution
		{15B4BB8A-478B-4AC4-AE9F-DB6C4F76FB5A}.Debug|Any CPU.ActiveCfg = Debug|Any CPU
		{15B4BB8A-478B-4AC4-AE9F-DB6C4F76FB5A}.Debug|Any CPU.Build.0 = Debug|Any CPU
		{15B4BB8A-478B-4AC4-AE9F-DB6C4F76FB5A}.Debug|x86.ActiveCfg = Debug|x86
		{15B4BB8A-478B-4AC4-AE9F-DB6C4F76FB5A}.Debug|x86.Build.0 = Debug|x86
		{15B4BB8A-478B-4AC4-AE9F-DB6C4F76FB5A}.Release|Any CPU.ActiveCfg = Release|Any CPU
		{15B4BB8A-478B-4AC4-AE9F-DB6C4F76FB5A}.Release|Any CPU.Build.0 = Release|Any CPU
		{15B4BB8A-478B-4AC4-AE9F-DB6C4F76FB5A}.Release|x86.ActiveCfg = Release|x86
		{15B4BB8A-478B-4AC4-AE9F-DB6C4F76FB5A}.Release|x86.Build.0 = Release|x86
	EndGlobalSection
	GlobalSection(SolutionProperties) = preSolution
		HideSolutionNode = FALSE
	EndGlobalSection
EndGlobal
