
Microsoft Visual Studio Solution File, Format Version 9.00
# Visual Studio 2005
Project("{F184B08F-C81C-45F6-A57F-5ABD9991F28F}") = "AddBackgroundImage","AddBackgroundImage.VS2005.vbproj", "{47F367C5-4119-4EFD-90AE-4D9877ED070E}"
EndProject
Global
	GlobalSection(SolutionConfigurationPlatforms) = preSolution
		Debug|Any CPU = Debug|Any CPU
		Release|Any CPU = Release|Any CPU
	EndGlobalSection
	GlobalSection(ProjectConfigurationPlatforms) = postSolution
		{47F367C5-4119-4EFD-90AE-4D9877ED070E}.Debug|Any CPU.ActiveCfg = Debug|Any CPU
		{47F367C5-4119-4EFD-90AE-4D9877ED070E}.Debug|Any CPU.Build.0 = Debug|Any CPU
		{47F367C5-4119-4EFD-90AE-4D9877ED070E}.Release|Any CPU.ActiveCfg = Release|Any CPU
		{47F367C5-4119-4EFD-90AE-4D9877ED070E}.Release|Any CPU.Build.0 = Release|Any CPU
	EndGlobalSection
	GlobalSection(SolutionProperties) = preSolution
		HideSolutionNode = FALSE
	EndGlobalSection
EndGlobal
obal
