
Microsoft Visual Studio Solution File, Format Version 9.00
# Visual Studio 2005
# SharpDevelop 3.2.0.5777
Project("{FAE04EC0-301F-11D3-BF4B-00C04F79EFBC}") = "VideoAudioSettings","VideoAudioSettings.VS2005.csproj", "{11A1BC38-6283-4C2D-AA81-DCDC4FAEE745}"
EndProject
Global
	GlobalSection(SolutionConfigurationPlatforms) = preSolution
		Debug|Any CPU = Debug|Any CPU
		Release|Any CPU = Release|Any CPU
	EndGlobalSection
	GlobalSection(ProjectConfigurationPlatforms) = postSolution
		{11A1BC38-6283-4C2D-AA81-DCDC4FAEE745}.Debug|Any CPU.ActiveCfg = Debug|Any CPU
		{11A1BC38-6283-4C2D-AA81-DCDC4FAEE745}.Debug|Any CPU.Build.0 = Debug|Any CPU
		{11A1BC38-6283-4C2D-AA81-DCDC4FAEE745}.Release|Any CPU.ActiveCfg = Release|Any CPU
		{11A1BC38-6283-4C2D-AA81-DCDC4FAEE745}.Release|Any CPU.Build.0 = Release|Any CPU
	EndGlobalSection
	GlobalSection(SolutionProperties) = preSolution
		HideSolutionNode = FALSE
	EndGlobalSection
EndGlobal
81-DCDC4FAEE745}.Release|Any CPU.Build.0 = Release|Any CPU
		{11A1BC38-6283-4C2D-AA81-DCDC4FAEE745}.Release|x86.ActiveCfg = Release|x86
		{11A1BC38-6283-4C2D-AA81-DCDC4FAEE745}.Release|x86.Build.0 = Release|x86
	EndGlobalSection
	GlobalSection(SolutionProperties) = preSolution
		HideSolutionNode = FALSE
	EndGlobalSection
EndGlobal
