
Microsoft Visual Studio Solution File, Format Version 11.00
# Visual Studio 2010
Project("{FAE04EC0-301F-11D3-BF4B-00C04F79EFBC}") = "UnicodeValue", "UnicodeValue.csproj", "{A657F388-7D2A-4C05-9E04-6F6FAFF16F0C}"
EndProject
Global
	GlobalSection(SolutionConfigurationPlatforms) = preSolution
		Debug|Any CPU = Debug|Any CPU
		Release|Any CPU = Release|Any CPU
	EndGlobalSection
	GlobalSection(ProjectConfigurationPlatforms) = postSolution
		{A657F388-7D2A-4C05-9E04-6F6FAFF16F0C}.Debug|Any CPU.ActiveCfg = Debug|Any CPU
		{A657F388-7D2A-4C05-9E04-6F6FAFF16F0C}.Debug|Any CPU.Build.0 = Debug|Any CPU
		{A657F388-7D2A-4C05-9E04-6F6FAFF16F0C}.Release|Any CPU.ActiveCfg = Release|Any CPU
		{A657F388-7D2A-4C05-9E04-6F6FAFF16F0C}.Release|Any CPU.Build.0 = Release|Any CPU
	EndGlobalSection
	GlobalSection(SolutionProperties) = preSolution
		HideSolutionNode = FALSE
	EndGlobalSection
EndGlobal
