
Microsoft Visual Studio Solution File, Format Version 9.00
# Visual Studio 2005
Project("{FAE04EC0-301F-11D3-BF4B-00C04F79EFBC}") = "Change cell width and height","Change cell width and height\Change cell width and height.VS2005.csproj", "{1F506F76-2983-4679-9015-2378B8B803CF}"
EndProject
Global
	GlobalSection(SolutionConfigurationPlatforms) = preSolution
		Debug|Any CPU = Debug|Any CPU
		Release|Any CPU = Release|Any CPU
	EndGlobalSection
	GlobalSection(ProjectConfigurationPlatforms) = postSolution
		{1F506F76-2983-4679-9015-2378B8B803CF}.Debug|Any CPU.ActiveCfg = Debug|Any CPU
		{1F506F76-2983-4679-9015-2378B8B803CF}.Debug|Any CPU.Build.0 = Debug|Any CPU
		{1F506F76-2983-4679-9015-2378B8B803CF}.Release|Any CPU.ActiveCfg = Release|Any CPU
		{1F506F76-2983-4679-9015-2378B8B803CF}.Release|Any CPU.Build.0 = Release|Any CPU
	EndGlobalSection
	GlobalSection(SolutionProperties) = preSolution
		HideSolutionNode = FALSE
	EndGlobalSection
EndGlobal
