
Microsoft Visual Studio Solution File, Format Version 9.00
# Visual Studio 2005
Project("{FAE04EC0-301F-11D3-BF4B-00C04F79EFBC}") = "GUITest.PPC","GUITest.PPC.VS2005.csproj", "{100879B4-CD6F-4605-A1EE-255595D24FEB}"
EndProject
Global
	GlobalSection(SolutionConfigurationPlatforms) = preSolution
		Debug|Any CPU = Debug|Any CPU
		Release|Any CPU = Release|Any CPU
	EndGlobalSection
	GlobalSection(ProjectConfigurationPlatforms) = postSolution
		{100879B4-CD6F-4605-A1EE-255595D24FEB}.Debug|Any CPU.ActiveCfg = Debug|Any CPU
		{100879B4-CD6F-4605-A1EE-255595D24FEB}.Debug|Any CPU.Build.0 = Debug|Any CPU
		{100879B4-CD6F-4605-A1EE-255595D24FEB}.Debug|Any CPU.Deploy.0 = Debug|Any CPU
		{100879B4-CD6F-4605-A1EE-255595D24FEB}.Release|Any CPU.ActiveCfg = Release|Any CPU
		{100879B4-CD6F-4605-A1EE-255595D24FEB}.Release|Any CPU.Build.0 = Release|Any CPU
		{100879B4-CD6F-4605-A1EE-255595D24FEB}.Release|Any CPU.Deploy.0 = Release|Any CPU
	EndGlobalSection
	GlobalSection(SolutionProperties) = preSolution
		HideSolutionNode = FALSE
	EndGlobalSection
EndGlobal
