
Microsoft Visual Studio Solution File, Format Version 12.00
# Visual Studio 15
VisualStudioVersion = 15.0.27703.2026
MinimumVisualStudioVersion = 10.0.40219.1
Project("{F184B08F-C81C-45F6-A57F-5ABD9991F28F}") = "DecodeDamagedDatamatrix", "DecodeDamagedDatamatrix.vbproj", "{EEE4B6A5-156F-411C-A83B-8DD900FA261B}"
EndProject
Global
	GlobalSection(SolutionConfigurationPlatforms) = preSolution
		Debug|Any CPU = Debug|Any CPU
		Release|Any CPU = Release|Any CPU
	EndGlobalSection
	GlobalSection(ProjectConfigurationPlatforms) = postSolution
		{EEE4B6A5-156F-411C-A83B-8DD900FA261B}.Debug|Any CPU.ActiveCfg = Debug|Any CPU
		{EEE4B6A5-156F-411C-A83B-8DD900FA261B}.Debug|Any CPU.Build.0 = Debug|Any CPU
		{EEE4B6A5-156F-411C-A83B-8DD900FA261B}.Release|Any CPU.ActiveCfg = Release|Any CPU
		{EEE4B6A5-156F-411C-A83B-8DD900FA261B}.Release|Any CPU.Build.0 = Release|Any CPU
	EndGlobalSection
	GlobalSection(SolutionProperties) = preSolution
		HideSolutionNode = FALSE
	EndGlobalSection
	GlobalSection(ExtensibilityGlobals) = postSolution
		SolutionGuid = {9E1F8D4D-BB49-4F85-BE2D-74FA8E4D763C}
	EndGlobalSection
EndGlobal
