
Microsoft Visual Studio Solution File, Format Version 10.00
# Visual Studio 2008
Project("{8BC9CEB8-8B4A-11D0-8D11-00A0C91BC942}") = "CaptureWithWebcameraOverlay", "CaptureWithWebcameraOverlay.vcproj", "{1FF277B4-0AB8-47CC-9BD5-121EA7A5F43B}"
EndProject
Global
	GlobalSection(SolutionConfigurationPlatforms) = preSolution
		Debug|Win32 = Debug|Win32
		Release|Win32 = Release|Win32
	EndGlobalSection
	GlobalSection(ProjectConfigurationPlatforms) = postSolution
		{1FF277B4-0AB8-47CC-9BD5-121EA7A5F43B}.Debug|Win32.ActiveCfg = Debug|Win32
		{1FF277B4-0AB8-47CC-9BD5-121EA7A5F43B}.Debug|Win32.Build.0 = Debug|Win32
		{1FF277B4-0AB8-47CC-9BD5-121EA7A5F43B}.Release|Win32.ActiveCfg = Release|Win32
		{1FF277B4-0AB8-47CC-9BD5-121EA7A5F43B}.Release|Win32.Build.0 = Release|Win32
	EndGlobalSection
	GlobalSection(SolutionProperties) = preSolution
		HideSolutionNode = FALSE
	EndGlobalSection
EndGlobal
