
Microsoft Visual Studio Solution File, Format Version 9.00
# Visual Studio 2005
Project("{F184B08F-C81C-45F6-A57F-5ABD9991F28F}") = "ExtractAllImages","ExtractAllImages.VS2005.vbproj", "{7B47AE2F-F68A-456C-A7E3-6FFA0FCF8AED}"
EndProject
Global
	GlobalSection(SolutionConfigurationPlatforms) = preSolution
		Debug|Any CPU = Debug|Any CPU
		Release|Any CPU = Release|Any CPU
	EndGlobalSection
	GlobalSection(ProjectConfigurationPlatforms) = postSolution
		{7B47AE2F-F68A-456C-A7E3-6FFA0FCF8AED}.Debug|Any CPU.ActiveCfg = Debug|Any CPU
		{7B47AE2F-F68A-456C-A7E3-6FFA0FCF8AED}.Debug|Any CPU.Build.0 = Debug|Any CPU
		{7B47AE2F-F68A-456C-A7E3-6FFA0FCF8AED}.Release|Any CPU.ActiveCfg = Release|Any CPU
		{7B47AE2F-F68A-456C-A7E3-6FFA0FCF8AED}.Release|Any CPU.Build.0 = Release|Any CPU
	EndGlobalSection
	GlobalSection(SolutionProperties) = preSolution
		HideSolutionNode = FALSE
	EndGlobalSection
EndGlobal
