
Microsoft Visual Studio Solution File, Format Version 11.00
# Visual Studio 2010
# SharpDevelop 3.0.0.2970
Project("{FAE04EC0-301F-11D3-BF4B-00C04F79EFBC}") = "Code93","Code93.VS2010.csproj", "{9301910B-83AB-48E3-BDE3-B2070E293471}"
EndProject
Global
	GlobalSection(SolutionConfigurationPlatforms) = preSolution
		Debug|Any CPU = Debug|Any CPU
		Release|Any CPU = Release|Any CPU
	EndGlobalSection
	GlobalSection(ProjectConfigurationPlatforms) = postSolution
		{9301910B-83AB-48E3-BDE3-B2070E293471}.Debug|Any CPU.Build.0 = Debug|Any CPU
		{9301910B-83AB-48E3-BDE3-B2070E293471}.Debug|Any CPU.ActiveCfg = Debug|Any CPU
		{9301910B-83AB-48E3-BDE3-B2070E293471}.Release|Any CPU.Build.0 = Release|Any CPU
		{9301910B-83AB-48E3-BDE3-B2070E293471}.Release|Any CPU.ActiveCfg = Release|Any CPU
	EndGlobalSection
EndGlobal
