
Microsoft Visual Studio Solution File, Format Version 10.00
# Visual Studio 2008
Project("{FAE04EC0-301F-11D3-BF4B-00C04F79EFBC}") = "Removing columns from existing XLS","Removing columns from existing XLS\Removing columns from existing XLS.VS2008.csproj", "{1D91221F-3382-4AF4-9CF6-ADE02A475218}"
EndProject
Global
	GlobalSection(SolutionConfigurationPlatforms) = preSolution
		Debug|Any CPU = Debug|Any CPU
		Release|Any CPU = Release|Any CPU
	EndGlobalSection
	GlobalSection(ProjectConfigurationPlatforms) = postSolution
		{1D91221F-3382-4AF4-9CF6-ADE02A475218}.Debug|Any CPU.ActiveCfg = Debug|Any CPU
		{1D91221F-3382-4AF4-9CF6-ADE02A475218}.Debug|Any CPU.Build.0 = Debug|Any CPU
		{1D91221F-3382-4AF4-9CF6-ADE02A475218}.Release|Any CPU.ActiveCfg = Release|Any CPU
		{1D91221F-3382-4AF4-9CF6-ADE02A475218}.Release|Any CPU.Build.0 = Release|Any CPU
	EndGlobalSection
	GlobalSection(SolutionProperties) = preSolution
		HideSolutionNode = FALSE
	EndGlobalSection
EndGlobal
