
Microsoft Visual Studio Solution File, Format Version 11.00
# Visual Studio 2010
Project("{F184B08F-C81C-45F6-A57F-5ABD9991F28F}") = "Line styles for cells (VB.NET)","Line styles for cells (VB.NET)\Line styles for cells (VB.NET).VS2010.vbproj", "{329F5957-9974-487A-B595-471392C030C9}"
EndProject
Global
	GlobalSection(SolutionConfigurationPlatforms) = preSolution
		Debug|Any CPU = Debug|Any CPU
		Release|Any CPU = Release|Any CPU
	EndGlobalSection
	GlobalSection(ProjectConfigurationPlatforms) = postSolution
		{329F5957-9974-487A-B595-471392C030C9}.Debug|Any CPU.ActiveCfg = Debug|Any CPU
		{329F5957-9974-487A-B595-471392C030C9}.Debug|Any CPU.Build.0 = Debug|Any CPU
		{329F5957-9974-487A-B595-471392C030C9}.Release|Any CPU.ActiveCfg = Release|Any CPU
		{329F5957-9974-487A-B595-471392C030C9}.Release|Any CPU.Build.0 = Release|Any CPU
	EndGlobalSection
	GlobalSection(SolutionProperties) = preSolution
		HideSolutionNode = FALSE
	EndGlobalSection
EndGlobal
obal
