
Microsoft Visual Studio Solution File, Format Version 11.00
# Visual Studio 2010
Project("{FAE04EC0-301F-11D3-BF4B-00C04F79EFBC}") = "WindowsService1", "WindowsService1\WindowsService1.csproj", "{6DDA9D0B-FB9C-47F9-8783-B6159F4F1857}"
EndProject
Project("{FAE04EC0-301F-11D3-BF4B-00C04F79EFBC}") = "ServiceController", "ServiceController\ServiceController.csproj", "{B54E435F-5778-4F36-A2AE-C2E947434782}"
EndProject
Global
	GlobalSection(SolutionConfigurationPlatforms) = preSolution
		Debug|Any CPU = Debug|Any CPU
		Release|Any CPU = Release|Any CPU
	EndGlobalSection
	GlobalSection(ProjectConfigurationPlatforms) = postSolution
		{6DDA9D0B-FB9C-47F9-8783-B6159F4F1857}.Debug|Any CPU.ActiveCfg = Debug|Any CPU
		{6DDA9D0B-FB9C-47F9-8783-B6159F4F1857}.Debug|Any CPU.Build.0 = Debug|Any CPU
		{6DDA9D0B-FB9C-47F9-8783-B6159F4F1857}.Release|Any CPU.ActiveCfg = Release|Any CPU
		{6DDA9D0B-FB9C-47F9-8783-B6159F4F1857}.Release|Any CPU.Build.0 = Release|Any CPU
		{B54E435F-5778-4F36-A2AE-C2E947434782}.Debug|Any CPU.ActiveCfg = Debug|Any CPU
		{B54E435F-5778-4F36-A2AE-C2E947434782}.Debug|Any CPU.Build.0 = Debug|Any CPU
		{B54E435F-5778-4F36-A2AE-C2E947434782}.Release|Any CPU.ActiveCfg = Release|Any CPU
		{B54E435F-5778-4F36-A2AE-C2E947434782}.Release|Any CPU.Build.0 = Release|Any CPU
	EndGlobalSection
	GlobalSection(SolutionProperties) = preSolution
		HideSolutionNode = FALSE
	EndGlobalSection
EndGlobal
