
Microsoft Visual Studio Solution File, Format Version 12.00
# Visual Studio 15
VisualStudioVersion = 15.0.27428.2043
MinimumVisualStudioVersion = 10.0.40219.1
Project("{FAE04EC0-301F-11D3-BF4B-00C04F79EFBC}") = "RemoveEmptyPagesExample", "RemoveEmptyPagesExample.csproj", "{E59DB9C3-278F-4055-B111-492FE74A54F7}"
EndProject
Global
	GlobalSection(SolutionConfigurationPlatforms) = preSolution
		Debug|Any CPU = Debug|Any CPU
		Release|Any CPU = Release|Any CPU
	EndGlobalSection
	GlobalSection(ProjectConfigurationPlatforms) = postSolution
		{E59DB9C3-278F-4055-B111-492FE74A54F7}.Debug|Any CPU.ActiveCfg = Debug|Any CPU
		{E59DB9C3-278F-4055-B111-492FE74A54F7}.Debug|Any CPU.Build.0 = Debug|Any CPU
		{E59DB9C3-278F-4055-B111-492FE74A54F7}.Release|Any CPU.ActiveCfg = Release|Any CPU
		{E59DB9C3-278F-4055-B111-492FE74A54F7}.Release|Any CPU.Build.0 = Release|Any CPU
	EndGlobalSection
	GlobalSection(SolutionProperties) = preSolution
		HideSolutionNode = FALSE
	EndGlobalSection
	GlobalSection(ExtensibilityGlobals) = postSolution
		SolutionGuid = {88713B74-EB5C-4206-88DD-99BBD185819E}
	EndGlobalSection
EndGlobal
