
Microsoft Visual Studio Solution File, Format Version 9.00
# Visual Studio 2005
Project("{FAE04EC0-301F-11D3-BF4B-00C04F79EFBC}") = "TiledTextVertical", "TiledTextVertical\TiledTextVertical.csproj", "{0030728F-724B-4652-ABB3-B5FCBD292FBF}"
EndProject
Global
	GlobalSection(SolutionConfigurationPlatforms) = preSolution
		Debug|Any CPU = Debug|Any CPU
		Release|Any CPU = Release|Any CPU
	EndGlobalSection
	GlobalSection(ProjectConfigurationPlatforms) = postSolution
		{0030728F-724B-4652-ABB3-B5FCBD292FBF}.Debug|Any CPU.ActiveCfg = Debug|Any CPU
		{0030728F-724B-4652-ABB3-B5FCBD292FBF}.Debug|Any CPU.Build.0 = Debug|Any CPU
		{0030728F-724B-4652-ABB3-B5FCBD292FBF}.Release|Any CPU.ActiveCfg = Release|Any CPU
		{0030728F-724B-4652-ABB3-B5FCBD292FBF}.Release|Any CPU.Build.0 = Release|Any CPU
	EndGlobalSection
	GlobalSection(SolutionProperties) = preSolution
		HideSolutionNode = FALSE
	EndGlobalSection
EndGlobal
