
Microsoft Visual Studio Solution File, Format Version 12.00
# Visual Studio 15
VisualStudioVersion = 15.0.27703.2026
MinimumVisualStudioVersion = 10.0.40219.1
Project("{F184B08F-C81C-45F6-A57F-5ABD9991F28F}") = "QRCodeWithJSON", "QRCodeWithJSON.vbproj", "{D99C0B83-D4EE-4D8B-80D9-71C50532B65E}"
EndProject
Global
	GlobalSection(SolutionConfigurationPlatforms) = preSolution
		Debug|Any CPU = Debug|Any CPU
		Release|Any CPU = Release|Any CPU
	EndGlobalSection
	GlobalSection(ProjectConfigurationPlatforms) = postSolution
		{D99C0B83-D4EE-4D8B-80D9-71C50532B65E}.Debug|Any CPU.ActiveCfg = Debug|Any CPU
		{D99C0B83-D4EE-4D8B-80D9-71C50532B65E}.Debug|Any CPU.Build.0 = Debug|Any CPU
		{D99C0B83-D4EE-4D8B-80D9-71C50532B65E}.Release|Any CPU.ActiveCfg = Release|Any CPU
		{D99C0B83-D4EE-4D8B-80D9-71C50532B65E}.Release|Any CPU.Build.0 = Release|Any CPU
	EndGlobalSection
	GlobalSection(SolutionProperties) = preSolution
		HideSolutionNode = FALSE
	EndGlobalSection
	GlobalSection(ExtensibilityGlobals) = postSolution
		SolutionGuid = {BF87DB5F-C60B-4DF6-AA8A-44C646A38442}
	EndGlobalSection
EndGlobal
