
Microsoft Visual Studio Solution File, Format Version 12.00
# Visual Studio 15
VisualStudioVersion = 15.0.27130.2027
MinimumVisualStudioVersion = 10.0.40219.1
Project("{F184B08F-C81C-45F6-A57F-5ABD9991F28F}") = "ScannedPdfToExcel", "ScannedPdfToExcel.vbproj", "{01128D77-6A23-4ADE-B45A-3D5A4CFA7D4D}"
EndProject
Global
	GlobalSection(SolutionConfigurationPlatforms) = preSolution
		Debug|Any CPU = Debug|Any CPU
		Release|Any CPU = Release|Any CPU
	EndGlobalSection
	GlobalSection(ProjectConfigurationPlatforms) = postSolution
		{01128D77-6A23-4ADE-B45A-3D5A4CFA7D4D}.Debug|Any CPU.ActiveCfg = Debug|Any CPU
		{01128D77-6A23-4ADE-B45A-3D5A4CFA7D4D}.Debug|Any CPU.Build.0 = Debug|Any CPU
		{01128D77-6A23-4ADE-B45A-3D5A4CFA7D4D}.Release|Any CPU.ActiveCfg = Release|Any CPU
		{01128D77-6A23-4ADE-B45A-3D5A4CFA7D4D}.Release|Any CPU.Build.0 = Release|Any CPU
	EndGlobalSection
	GlobalSection(SolutionProperties) = preSolution
		HideSolutionNode = FALSE
	EndGlobalSection
	GlobalSection(ExtensibilityGlobals) = postSolution
		SolutionGuid = {3DC98D31-2FAE-4C39-A08C-531D03F864C8}
	EndGlobalSection
EndGlobal
