
Microsoft Visual Studio Solution File, Format Version 12.00
# Visual Studio 15
VisualStudioVersion = 15.0.27703.2026
MinimumVisualStudioVersion = 10.0.40219.1
Project("{FAE04EC0-301F-11D3-BF4B-00C04F79EFBC}") = "EmailToPDF_EmailWithAttachment", "EmailToPDF_EmailWithAttachment.csproj", "{8B33CB1C-B6A2-4750-9D1C-EB963DC8A17D}"
EndProject
Global
	GlobalSection(SolutionConfigurationPlatforms) = preSolution
		Debug|Any CPU = Debug|Any CPU
		Release|Any CPU = Release|Any CPU
	EndGlobalSection
	GlobalSection(ProjectConfigurationPlatforms) = postSolution
		{8B33CB1C-B6A2-4750-9D1C-EB963DC8A17D}.Debug|Any CPU.ActiveCfg = Debug|Any CPU
		{8B33CB1C-B6A2-4750-9D1C-EB963DC8A17D}.Debug|Any CPU.Build.0 = Debug|Any CPU
		{8B33CB1C-B6A2-4750-9D1C-EB963DC8A17D}.Release|Any CPU.ActiveCfg = Release|Any CPU
		{8B33CB1C-B6A2-4750-9D1C-EB963DC8A17D}.Release|Any CPU.Build.0 = Release|Any CPU
	EndGlobalSection
	GlobalSection(SolutionProperties) = preSolution
		HideSolutionNode = FALSE
	EndGlobalSection
	GlobalSection(ExtensibilityGlobals) = postSolution
		SolutionGuid = {872C5BC9-693D-47FF-AB85-19B2B400AFD2}
	EndGlobalSection
EndGlobal
