
Microsoft Visual Studio Solution File, Format Version 10.00
# Visual Studio 2008
Project("{F184B08F-C81C-45F6-A57F-5ABD9991F28F}") = "ExportToSQLServer","ExportToSQLServer.VS2008.vbproj", "{32D4ACE8-2E55-40CB-97D5-2E3BFFD5B417}"
EndProject
Global
	GlobalSection(SolutionConfigurationPlatforms) = preSolution
		Debug|Any CPU = Debug|Any CPU
		Release|Any CPU = Release|Any CPU
	EndGlobalSection
	GlobalSection(ProjectConfigurationPlatforms) = postSolution
		{32D4ACE8-2E55-40CB-97D5-2E3BFFD5B417}.Debug|Any CPU.ActiveCfg = Debug|Any CPU
		{32D4ACE8-2E55-40CB-97D5-2E3BFFD5B417}.Debug|Any CPU.Build.0 = Debug|Any CPU
		{32D4ACE8-2E55-40CB-97D5-2E3BFFD5B417}.Release|Any CPU.ActiveCfg = Release|Any CPU
		{32D4ACE8-2E55-40CB-97D5-2E3BFFD5B417}.Release|Any CPU.Build.0 = Release|Any CPU
	EndGlobalSection
	GlobalSection(SolutionProperties) = preSolution
		HideSolutionNode = FALSE
	EndGlobalSection
EndGlobal
obal
