
Microsoft Visual Studio Solution File, Format Version 12.00
# Visual Studio 15
VisualStudioVersion = 15.0.27703.2018
MinimumVisualStudioVersion = 10.0.40219.1
Project("{FAE04EC0-301F-11D3-BF4B-00C04F79EFBC}") = "HL7ToSpreadsheet", "HL7ToSpreadsheet.csproj", "{A73776C6-D2B2-4E37-B852-06C6454D1B5B}"
EndProject
Global
	GlobalSection(SolutionConfigurationPlatforms) = preSolution
		Debug|Any CPU = Debug|Any CPU
		Release|Any CPU = Release|Any CPU
	EndGlobalSection
	GlobalSection(ProjectConfigurationPlatforms) = postSolution
		{A73776C6-D2B2-4E37-B852-06C6454D1B5B}.Debug|Any CPU.ActiveCfg = Debug|Any CPU
		{A73776C6-D2B2-4E37-B852-06C6454D1B5B}.Debug|Any CPU.Build.0 = Debug|Any CPU
		{A73776C6-D2B2-4E37-B852-06C6454D1B5B}.Release|Any CPU.ActiveCfg = Release|Any CPU
		{A73776C6-D2B2-4E37-B852-06C6454D1B5B}.Release|Any CPU.Build.0 = Release|Any CPU
	EndGlobalSection
	GlobalSection(SolutionProperties) = preSolution
		HideSolutionNode = FALSE
	EndGlobalSection
	GlobalSection(ExtensibilityGlobals) = postSolution
		SolutionGuid = {7E6DAA79-020B-421A-844A-5FE05EFC9B15}
	EndGlobalSection
EndGlobal
