
Microsoft Visual Studio Solution File, Format Version 12.00
# Visual Studio Version 16
VisualStudioVersion = 16.0.29001.49
MinimumVisualStudioVersion = 10.0.40219.1
Project("{FAE04EC0-301F-11D3-BF4B-00C04F79EFBC}") = "AutomateDesktopApps.VS2015", "AutomateDesktopApp\AutomateDesktopApps.VS2015.csproj", "{BF74D299-912C-4259-A022-71628F76F2B9}"
EndProject
Project("{FAE04EC0-301F-11D3-BF4B-00C04F79EFBC}") = "InvoiceSayHello", "InvoiceSayHello\InvoiceSayHello.csproj", "{64975DDC-956F-431B-815A-B7D82277A425}"
EndProject
Global
	GlobalSection(SolutionConfigurationPlatforms) = preSolution
		Debug|Any CPU = Debug|Any CPU
		Release|Any CPU = Release|Any CPU
	EndGlobalSection
	GlobalSection(ProjectConfigurationPlatforms) = postSolution
		{BF74D299-912C-4259-A022-71628F76F2B9}.Debug|Any CPU.ActiveCfg = Debug|Any CPU
		{BF74D299-912C-4259-A022-71628F76F2B9}.Debug|Any CPU.Build.0 = Debug|Any CPU
		{BF74D299-912C-4259-A022-71628F76F2B9}.Release|Any CPU.ActiveCfg = Release|Any CPU
		{BF74D299-912C-4259-A022-71628F76F2B9}.Release|Any CPU.Build.0 = Release|Any CPU
		{64975DDC-956F-431B-815A-B7D82277A425}.Debug|Any CPU.ActiveCfg = Debug|Any CPU
		{64975DDC-956F-431B-815A-B7D82277A425}.Debug|Any CPU.Build.0 = Debug|Any CPU
		{64975DDC-956F-431B-815A-B7D82277A425}.Release|Any CPU.ActiveCfg = Release|Any CPU
		{64975DDC-956F-431B-815A-B7D82277A425}.Release|Any CPU.Build.0 = Release|Any CPU
	EndGlobalSection
	GlobalSection(SolutionProperties) = preSolution
		HideSolutionNode = FALSE
	EndGlobalSection
	GlobalSection(ExtensibilityGlobals) = postSolution
		SolutionGuid = {EDABDEE2-49E8-4139-9277-143673CEC8F3}
	EndGlobalSection
EndGlobal
