
Microsoft Visual Studio Solution File, Format Version 12.00
# Visual Studio 15
VisualStudioVersion = 15.0.27703.2026
MinimumVisualStudioVersion = 10.0.40219.1
Project("{F184B08F-C81C-45F6-A57F-5ABD9991F28F}") = "ScreenCapture", "ScreenCapture.vbproj", "{9B1BAFE7-3C07-4273-9C07-CF74236B7CD8}"
EndProject
Global
	GlobalSection(SolutionConfigurationPlatforms) = preSolution
		Debug|Any CPU = Debug|Any CPU
		Release|Any CPU = Release|Any CPU
	EndGlobalSection
	GlobalSection(ProjectConfigurationPlatforms) = postSolution
		{9B1BAFE7-3C07-4273-9C07-CF74236B7CD8}.Debug|Any CPU.ActiveCfg = Debug|Any CPU
		{9B1BAFE7-3C07-4273-9C07-CF74236B7CD8}.Debug|Any CPU.Build.0 = Debug|Any CPU
		{9B1BAFE7-3C07-4273-9C07-CF74236B7CD8}.Release|Any CPU.ActiveCfg = Release|Any CPU
		{9B1BAFE7-3C07-4273-9C07-CF74236B7CD8}.Release|Any CPU.Build.0 = Release|Any CPU
	EndGlobalSection
	GlobalSection(SolutionProperties) = preSolution
		HideSolutionNode = FALSE
	EndGlobalSection
	GlobalSection(ExtensibilityGlobals) = postSolution
		SolutionGuid = {9FD4245F-8A26-446D-A1EE-6D0D909F4A99}
	EndGlobalSection
EndGlobal
