
Microsoft Visual Studio Solution File, Format Version 9.00
# Visual Studio 2005
Project("{F184B08F-C81C-45F6-A57F-5ABD9991F28F}") = "Read ODS (Open Office Calc) files (VB.NET)","Read ODS (Open Office Calc) files (VB.NET)\Read ODS (Open Office Calc) files (VB.NET).VS2005.vbproj", "{9457878A-FB97-4AD3-9D2C-236CBF7DB30C}"
EndProject
Global
	GlobalSection(SolutionConfigurationPlatforms) = preSolution
		Debug|Any CPU = Debug|Any CPU
		Release|Any CPU = Release|Any CPU
	EndGlobalSection
	GlobalSection(ProjectConfigurationPlatforms) = postSolution
		{9457878A-FB97-4AD3-9D2C-236CBF7DB30C}.Debug|Any CPU.ActiveCfg = Debug|Any CPU
		{9457878A-FB97-4AD3-9D2C-236CBF7DB30C}.Debug|Any CPU.Build.0 = Debug|Any CPU
		{9457878A-FB97-4AD3-9D2C-236CBF7DB30C}.Release|Any CPU.ActiveCfg = Release|Any CPU
		{9457878A-FB97-4AD3-9D2C-236CBF7DB30C}.Release|Any CPU.Build.0 = Release|Any CPU
	EndGlobalSection
	GlobalSection(SolutionProperties) = preSolution
		HideSolutionNode = FALSE
	EndGlobalSection
EndGlobal
obal
