
Microsoft Visual Studio Solution File, Format Version 9.00
# Visual Studio 2005
Project("{FAE04EC0-301F-11D3-BF4B-00C04F79EFBC}") = "LogoImageWithText","LogoImageWithText\LogoImageWithText.VS2005.csproj", "{31B24301-B8E6-4EEE-A286-C106ED426537}"
EndProject
Global
	GlobalSection(SolutionConfigurationPlatforms) = preSolution
		Debug|Any CPU = Debug|Any CPU
		Release|Any CPU = Release|Any CPU
	EndGlobalSection
	GlobalSection(ProjectConfigurationPlatforms) = postSolution
		{31B24301-B8E6-4EEE-A286-C106ED426537}.Debug|Any CPU.ActiveCfg = Debug|Any CPU
		{31B24301-B8E6-4EEE-A286-C106ED426537}.Debug|Any CPU.Build.0 = Debug|Any CPU
		{31B24301-B8E6-4EEE-A286-C106ED426537}.Release|Any CPU.ActiveCfg = Release|Any CPU
		{31B24301-B8E6-4EEE-A286-C106ED426537}.Release|Any CPU.Build.0 = Release|Any CPU
	EndGlobalSection
	GlobalSection(SolutionProperties) = preSolution
		HideSolutionNode = FALSE
	EndGlobalSection
EndGlobal
