
Microsoft Visual Studio Solution File, Format Version 9.00
# Visual Studio 2005
Project("{F184B08F-C81C-45F6-A57F-5ABD9991F28F}") = "TextFitsPage (VB.NET)","TextFitsPage (VB.NET)\TextFitsPage (VB.NET).VS2005.vbproj", "{A4BCEA72-64C7-4CBF-8D7C-0BBC4ADAC9E4}"
EndProject
Global
	GlobalSection(SolutionConfigurationPlatforms) = preSolution
		Debug|Any CPU = Debug|Any CPU
		Release|Any CPU = Release|Any CPU
	EndGlobalSection
	GlobalSection(ProjectConfigurationPlatforms) = postSolution
		{A4BCEA72-64C7-4CBF-8D7C-0BBC4ADAC9E4}.Debug|Any CPU.ActiveCfg = Debug|Any CPU
		{A4BCEA72-64C7-4CBF-8D7C-0BBC4ADAC9E4}.Debug|Any CPU.Build.0 = Debug|Any CPU
		{A4BCEA72-64C7-4CBF-8D7C-0BBC4ADAC9E4}.Release|Any CPU.ActiveCfg = Release|Any CPU
		{A4BCEA72-64C7-4CBF-8D7C-0BBC4ADAC9E4}.Release|Any CPU.Build.0 = Release|Any CPU
	EndGlobalSection
	GlobalSection(SolutionProperties) = preSolution
		HideSolutionNode = FALSE
	EndGlobalSection
EndGlobal
