
Microsoft Visual Studio Solution File, Format Version 9.00
# Visual Studio 2005
Project("{FAE04EC0-301F-11D3-BF4B-00C04F79EFBC}") = "TiledText", "TiledText\TiledText.csproj", "{260281A8-1EDB-4334-96DE-B43760844C67}"
EndProject
Global
	GlobalSection(SolutionConfigurationPlatforms) = preSolution
		Debug|Any CPU = Debug|Any CPU
		Release|Any CPU = Release|Any CPU
	EndGlobalSection
	GlobalSection(ProjectConfigurationPlatforms) = postSolution
		{260281A8-1EDB-4334-96DE-B43760844C67}.Debug|Any CPU.ActiveCfg = Debug|Any CPU
		{260281A8-1EDB-4334-96DE-B43760844C67}.Debug|Any CPU.Build.0 = Debug|Any CPU
		{260281A8-1EDB-4334-96DE-B43760844C67}.Release|Any CPU.ActiveCfg = Release|Any CPU
		{260281A8-1EDB-4334-96DE-B43760844C67}.Release|Any CPU.Build.0 = Release|Any CPU
	EndGlobalSection
	GlobalSection(SolutionProperties) = preSolution
		HideSolutionNode = FALSE
	EndGlobalSection
EndGlobal
