
Microsoft Visual Studio Solution File, Format Version 9.00
# Visual Studio 2005
Project("{FAE04EC0-301F-11D3-BF4B-00C04F79EFBC}") = "WideToNarrowRatio","WideToNarrowRatio\WideToNarrowRatio.VS2005.csproj", "{044A35DA-E8CE-42AC-B248-C60066B16B68}"
EndProject
Global
	GlobalSection(SolutionConfigurationPlatforms) = preSolution
		Debug|Any CPU = Debug|Any CPU
		Release|Any CPU = Release|Any CPU
	EndGlobalSection
	GlobalSection(ProjectConfigurationPlatforms) = postSolution
		{044A35DA-E8CE-42AC-B248-C60066B16B68}.Debug|Any CPU.ActiveCfg = Debug|Any CPU
		{044A35DA-E8CE-42AC-B248-C60066B16B68}.Debug|Any CPU.Build.0 = Debug|Any CPU
		{044A35DA-E8CE-42AC-B248-C60066B16B68}.Release|Any CPU.ActiveCfg = Release|Any CPU
		{044A35DA-E8CE-42AC-B248-C60066B16B68}.Release|Any CPU.Build.0 = Release|Any CPU
	EndGlobalSection
	GlobalSection(SolutionProperties) = preSolution
		HideSolutionNode = FALSE
	EndGlobalSection
EndGlobal
l
