
Microsoft Visual Studio Solution File, Format Version 12.00
# Visual Studio 15
VisualStudioVersion = 15.0.27703.2026
MinimumVisualStudioVersion = 10.0.40219.1
Project("{F184B08F-C81C-45F6-A57F-5ABD9991F28F}") = "SimpleSlideshow", "SimpleSlideshow.vbproj", "{5220E41A-A848-4846-886B-B50B9206D646}"
EndProject
Global
	GlobalSection(SolutionConfigurationPlatforms) = preSolution
		Debug|Any CPU = Debug|Any CPU
		Release|Any CPU = Release|Any CPU
	EndGlobalSection
	GlobalSection(ProjectConfigurationPlatforms) = postSolution
		{5220E41A-A848-4846-886B-B50B9206D646}.Debug|Any CPU.ActiveCfg = Debug|Any CPU
		{5220E41A-A848-4846-886B-B50B9206D646}.Debug|Any CPU.Build.0 = Debug|Any CPU
		{5220E41A-A848-4846-886B-B50B9206D646}.Release|Any CPU.ActiveCfg = Release|Any CPU
		{5220E41A-A848-4846-886B-B50B9206D646}.Release|Any CPU.Build.0 = Release|Any CPU
	EndGlobalSection
	GlobalSection(SolutionProperties) = preSolution
		HideSolutionNode = FALSE
	EndGlobalSection
	GlobalSection(ExtensibilityGlobals) = postSolution
		SolutionGuid = {5741F167-36C9-4307-82FA-FA1CCE935225}
	EndGlobalSection
EndGlobal
