
Microsoft Visual Studio Solution File, Format Version 9.00
# Visual Studio 2005
Project("{F184B08F-C81C-45F6-A57F-5ABD9991F28F}") = "Validating cells with dates (VB.NET)","Validating cells with dates (VB.NET)\Validating cells with dates (VB.NET).VS2005.vbproj", "{B2AB3C47-DB7F-4169-AD97-4CCE14609F87}"
EndProject
Global
	GlobalSection(SolutionConfigurationPlatforms) = preSolution
		Debug|Any CPU = Debug|Any CPU
		Release|Any CPU = Release|Any CPU
	EndGlobalSection
	GlobalSection(ProjectConfigurationPlatforms) = postSolution
		{B2AB3C47-DB7F-4169-AD97-4CCE14609F87}.Debug|Any CPU.ActiveCfg = Debug|Any CPU
		{B2AB3C47-DB7F-4169-AD97-4CCE14609F87}.Debug|Any CPU.Build.0 = Debug|Any CPU
		{B2AB3C47-DB7F-4169-AD97-4CCE14609F87}.Release|Any CPU.ActiveCfg = Release|Any CPU
		{B2AB3C47-DB7F-4169-AD97-4CCE14609F87}.Release|Any CPU.Build.0 = Release|Any CPU
	EndGlobalSection
	GlobalSection(SolutionProperties) = preSolution
		HideSolutionNode = FALSE
	EndGlobalSection
EndGlobal
obal
