
Microsoft Visual Studio Solution File, Format Version 10.00
# Visual Studio 2008
Project("{F184B08F-C81C-45F6-A57F-5ABD9991F28F}") = "SimpleWebTestVB","SimpleWebTestVB.VS2008.vbproj", "{09E4ED77-92DA-4F6E-AC2E-358653FF2C9B}"
	ProjectSection(WebsiteProperties) = preProject
		Debug.AspNetCompiler.Debug = "True"
		Release.AspNetCompiler.Debug = "False"
	EndProjectSection
EndProject
Global
	GlobalSection(SolutionConfigurationPlatforms) = preSolution
		Debug|Any CPU = Debug|Any CPU
		Release (full)|Any CPU = Release (full)|Any CPU
		Release|Any CPU = Release|Any CPU
	EndGlobalSection
	GlobalSection(ProjectConfigurationPlatforms) = postSolution
		{09E4ED77-92DA-4F6E-AC2E-358653FF2C9B}.Debug|Any CPU.ActiveCfg = Debug|Any CPU
		{09E4ED77-92DA-4F6E-AC2E-358653FF2C9B}.Debug|Any CPU.Build.0 = Debug|Any CPU
		{09E4ED77-92DA-4F6E-AC2E-358653FF2C9B}.Release (full)|Any CPU.ActiveCfg = Release (full)|Any CPU
		{09E4ED77-92DA-4F6E-AC2E-358653FF2C9B}.Release (full)|Any CPU.Build.0 = Release (full)|Any CPU
		{09E4ED77-92DA-4F6E-AC2E-358653FF2C9B}.Release|Any CPU.ActiveCfg = Release|Any CPU
		{09E4ED77-92DA-4F6E-AC2E-358653FF2C9B}.Release|Any CPU.Build.0 = Release|Any CPU
	EndGlobalSection
	GlobalSection(SolutionProperties) = preSolution
		HideSolutionNode = FALSE
	EndGlobalSection
EndGlobal
