
Microsoft Visual Studio Solution File, Format Version 9.00
# Visual Studio 2005
Project("{FAE04EC0-301F-11D3-BF4B-00C04F79EFBC}") = "AnnotationMacros", "AnnotationMacros\AnnotationMacros.csproj", "{EC4974FB-BE90-4285-93D8-976ED2E2A4EF}"
EndProject
Global
	GlobalSection(SolutionConfigurationPlatforms) = preSolution
		Debug|Any CPU = Debug|Any CPU
		Release|Any CPU = Release|Any CPU
	EndGlobalSection
	GlobalSection(ProjectConfigurationPlatforms) = postSolution
		{EC4974FB-BE90-4285-93D8-976ED2E2A4EF}.Debug|Any CPU.ActiveCfg = Debug|Any CPU
		{EC4974FB-BE90-4285-93D8-976ED2E2A4EF}.Debug|Any CPU.Build.0 = Debug|Any CPU
		{EC4974FB-BE90-4285-93D8-976ED2E2A4EF}.Release|Any CPU.ActiveCfg = Release|Any CPU
		{EC4974FB-BE90-4285-93D8-976ED2E2A4EF}.Release|Any CPU.Build.0 = Release|Any CPU
	EndGlobalSection
	GlobalSection(SolutionProperties) = preSolution
		HideSolutionNode = FALSE
	EndGlobalSection
EndGlobal
