
Microsoft Visual Studio Solution File, Format Version 9.00
# Visual Studio 2005
Project("{FAE04EC0-301F-11D3-BF4B-00C04F79EFBC}") = "GenerateFromDatabase", "GenerateFromDatabase.csproj", "{619CD5A7-6D9C-413C-8B4C-541F270CC77D}"
EndProject
Global
	GlobalSection(SolutionConfigurationPlatforms) = preSolution
		Debug|x86 = Debug|x86
		Release|x86 = Release|x86
	EndGlobalSection
	GlobalSection(ProjectConfigurationPlatforms) = postSolution
		{619CD5A7-6D9C-413C-8B4C-541F270CC77D}.Debug|x86.ActiveCfg = Debug|x86
		{619CD5A7-6D9C-413C-8B4C-541F270CC77D}.Debug|x86.Build.0 = Debug|x86
		{619CD5A7-6D9C-413C-8B4C-541F270CC77D}.Release|x86.ActiveCfg = Release|x86
		{619CD5A7-6D9C-413C-8B4C-541F270CC77D}.Release|x86.Build.0 = Release|x86
	EndGlobalSection
	GlobalSection(SolutionProperties) = preSolution
		HideSolutionNode = FALSE
	EndGlobalSection
EndGlobal
