
Microsoft Visual Studio Solution File, Format Version 12.00
# Visual Studio 15
VisualStudioVersion = 15.0.27703.2026
MinimumVisualStudioVersion = 10.0.40219.1
Project("{F184B08F-C81C-45F6-A57F-5ABD9991F28F}") = "OptimizeDocument", "OptimizeDocument.vbproj", "{D0166BF1-8464-4F85-AFD4-0A4999EA9E7D}"
EndProject
Global
	GlobalSection(SolutionConfigurationPlatforms) = preSolution
		Debug|Any CPU = Debug|Any CPU
		Release|Any CPU = Release|Any CPU
	EndGlobalSection
	GlobalSection(ProjectConfigurationPlatforms) = postSolution
		{D0166BF1-8464-4F85-AFD4-0A4999EA9E7D}.Debug|Any CPU.ActiveCfg = Debug|Any CPU
		{D0166BF1-8464-4F85-AFD4-0A4999EA9E7D}.Debug|Any CPU.Build.0 = Debug|Any CPU
		{D0166BF1-8464-4F85-AFD4-0A4999EA9E7D}.Release|Any CPU.ActiveCfg = Release|Any CPU
		{D0166BF1-8464-4F85-AFD4-0A4999EA9E7D}.Release|Any CPU.Build.0 = Release|Any CPU
	EndGlobalSection
	GlobalSection(SolutionProperties) = preSolution
		HideSolutionNode = FALSE
	EndGlobalSection
	GlobalSection(ExtensibilityGlobals) = postSolution
		SolutionGuid = {BA78AADB-423F-4291-86BA-5F3F0DB22935}
	EndGlobalSection
EndGlobal
