
Microsoft Visual Studio Solution File, Format Version 12.00
# Visual Studio 15
VisualStudioVersion = 15.0.28307.102
MinimumVisualStudioVersion = 10.0.40219.1
Project("{9A19103F-16F7-4668-BE54-9A1E7A4F7556}") = "PdfTo1BitBmp", "PdfTo1BitBmp.csproj", "{1B63C870-C546-4294-AB88-EE4F1F963EB3}"
EndProject
Global
	GlobalSection(SolutionConfigurationPlatforms) = preSolution
		Debug|Any CPU = Debug|Any CPU
		Release|Any CPU = Release|Any CPU
	EndGlobalSection
	GlobalSection(ProjectConfigurationPlatforms) = postSolution
		{1B63C870-C546-4294-AB88-EE4F1F963EB3}.Debug|Any CPU.ActiveCfg = Debug|Any CPU
		{1B63C870-C546-4294-AB88-EE4F1F963EB3}.Debug|Any CPU.Build.0 = Debug|Any CPU
		{1B63C870-C546-4294-AB88-EE4F1F963EB3}.Release|Any CPU.ActiveCfg = Release|Any CPU
		{1B63C870-C546-4294-AB88-EE4F1F963EB3}.Release|Any CPU.Build.0 = Release|Any CPU
	EndGlobalSection
	GlobalSection(SolutionProperties) = preSolution
		HideSolutionNode = FALSE
	EndGlobalSection
	GlobalSection(ExtensibilityGlobals) = postSolution
		SolutionGuid = {CE7C5ED4-4F77-4BFF-BD27-0B2A3151FA3D}
	EndGlobalSection
EndGlobal
