
Microsoft Visual Studio Solution File, Format Version 11.00
# Visual Studio 2010
Project("{F184B08F-C81C-45F6-A57F-5ABD9991F28F}") = "BytescoutWebApiExample", "BytescoutWebApiExample.vbproj", "{82DC8EA6-456F-4687-A364-CA0D53CDB206}"
EndProject
Global
	GlobalSection(SolutionConfigurationPlatforms) = preSolution
		Debug|x86 = Debug|x86
		Release|x86 = Release|x86
	EndGlobalSection
	GlobalSection(ProjectConfigurationPlatforms) = postSolution
		{82DC8EA6-456F-4687-A364-CA0D53CDB206}.Debug|x86.ActiveCfg = Debug|x86
		{82DC8EA6-456F-4687-A364-CA0D53CDB206}.Debug|x86.Build.0 = Debug|x86
		{82DC8EA6-456F-4687-A364-CA0D53CDB206}.Release|x86.ActiveCfg = Release|x86
		{82DC8EA6-456F-4687-A364-CA0D53CDB206}.Release|x86.Build.0 = Release|x86
	EndGlobalSection
	GlobalSection(SolutionProperties) = preSolution
		HideSolutionNode = FALSE
	EndGlobalSection
EndGlobal
