
Microsoft Visual Studio Solution File, Format Version 12.00
# Visual Studio Version 16
VisualStudioVersion = 16.0.30621.155
MinimumVisualStudioVersion = 10.0.40219.1
Project("{F184B08F-C81C-45F6-A57F-5ABD9991F28F}") = "PDF2TIFF", "PDF2TIFF.vbproj", "{FD27D536-AE58-41B6-89AC-EEFF1BBFC4AD}"
EndProject
Global
	GlobalSection(SolutionConfigurationPlatforms) = preSolution
		Debug|Any CPU = Debug|Any CPU
		Release|Any CPU = Release|Any CPU
	EndGlobalSection
	GlobalSection(ProjectConfigurationPlatforms) = postSolution
		{FD27D536-AE58-41B6-89AC-EEFF1BBFC4AD}.Debug|Any CPU.ActiveCfg = Debug|Any CPU
		{FD27D536-AE58-41B6-89AC-EEFF1BBFC4AD}.Debug|Any CPU.Build.0 = Debug|Any CPU
		{FD27D536-AE58-41B6-89AC-EEFF1BBFC4AD}.Release|Any CPU.ActiveCfg = Release|Any CPU
		{FD27D536-AE58-41B6-89AC-EEFF1BBFC4AD}.Release|Any CPU.Build.0 = Release|Any CPU
	EndGlobalSection
	GlobalSection(SolutionProperties) = preSolution
		HideSolutionNode = FALSE
	EndGlobalSection
	GlobalSection(ExtensibilityGlobals) = postSolution
		SolutionGuid = {616E1E0D-189C-4274-8F65-D5EA4CCC1504}
	EndGlobalSection
EndGlobal
