
Microsoft Visual Studio Solution File, Format Version 11.00
# Visual Studio 2010
Project("{F184B08F-C81C-45F6-A57F-5ABD9991F28F}") = "MakeSearchablePDF", "MakeSearchablePDF.vbproj", "{B7896F2A-70C5-4EE1-890C-03A742334B58}"
EndProject
Global
	GlobalSection(SolutionConfigurationPlatforms) = preSolution
		Debug|x86 = Debug|x86
		Release|x86 = Release|x86
	EndGlobalSection
	GlobalSection(ProjectConfigurationPlatforms) = postSolution
		{B7896F2A-70C5-4EE1-890C-03A742334B58}.Debug|x86.ActiveCfg = Debug|x86
		{B7896F2A-70C5-4EE1-890C-03A742334B58}.Debug|x86.Build.0 = Debug|x86
		{B7896F2A-70C5-4EE1-890C-03A742334B58}.Release|x86.ActiveCfg = Release|x86
		{B7896F2A-70C5-4EE1-890C-03A742334B58}.Release|x86.Build.0 = Release|x86
	EndGlobalSection
	GlobalSection(SolutionProperties) = preSolution
		HideSolutionNode = FALSE
	EndGlobalSection
EndGlobal
