
Microsoft Visual Studio Solution File, Format Version 9.00
# Visual Studio 2005
Project("{FAE04EC0-301F-11D3-BF4B-00C04F79EFBC}") = "Create a report with table in XLS","Create a report with table in XLS\Create a report with table in XLS.VS2005.csproj", "{AD4981F6-A54B-4AFE-A6E7-CB4ECF48E6EF}"
EndProject
Global
	GlobalSection(SolutionConfigurationPlatforms) = preSolution
		Debug|Any CPU = Debug|Any CPU
		Release|Any CPU = Release|Any CPU
	EndGlobalSection
	GlobalSection(ProjectConfigurationPlatforms) = postSolution
		{AD4981F6-A54B-4AFE-A6E7-CB4ECF48E6EF}.Debug|Any CPU.ActiveCfg = Debug|Any CPU
		{AD4981F6-A54B-4AFE-A6E7-CB4ECF48E6EF}.Debug|Any CPU.Build.0 = Debug|Any CPU
		{AD4981F6-A54B-4AFE-A6E7-CB4ECF48E6EF}.Release|Any CPU.ActiveCfg = Release|Any CPU
		{AD4981F6-A54B-4AFE-A6E7-CB4ECF48E6EF}.Release|Any CPU.Build.0 = Release|Any CPU
	EndGlobalSection
	GlobalSection(SolutionProperties) = preSolution
		HideSolutionNode = FALSE
	EndGlobalSection
EndGlobal
