
Microsoft Visual Studio Solution File, Format Version 10.00
# Visual Studio 2008
Project("{FAE04EC0-301F-11D3-BF4B-00C04F79EFBC}") = "ConversionProgressGUI","ConversionProgressGUI.VS2008.csproj", "{525EDC14-A580-4410-8A81-5ECB9B4B3F63}"
EndProject
Global
	GlobalSection(SolutionConfigurationPlatforms) = preSolution
		Debug|x86 = Debug|x86
		Release|x86 = Release|x86
	EndGlobalSection
	GlobalSection(ProjectConfigurationPlatforms) = postSolution
		{525EDC14-A580-4410-8A81-5ECB9B4B3F63}.Debug|x86.ActiveCfg = Debug|x86
		{525EDC14-A580-4410-8A81-5ECB9B4B3F63}.Debug|x86.Build.0 = Debug|x86
		{525EDC14-A580-4410-8A81-5ECB9B4B3F63}.Release|x86.ActiveCfg = Release|x86
		{525EDC14-A580-4410-8A81-5ECB9B4B3F63}.Release|x86.Build.0 = Release|x86
	EndGlobalSection
	GlobalSection(SolutionProperties) = preSolution
		HideSolutionNode = FALSE
	EndGlobalSection
EndGlobal
